<?xml version="1.0" encoding="utf-8"?>
<Project ToolsVersion="16.0" xmlns="http://schemas.microsoft.com/developer/msbuild/2003">
  <ItemGroup>
    <ClCompile Include="D:\pv\ParaView\VTK\IO\NetCDF\vtkMPASReader.cxx">
      <Filter>Source Files</Filter>
    </ClCompile>
    <ClCompile Include="D:\pv\ParaView\VTK\IO\NetCDF\vtkNetCDFCAMReader.cxx">
      <Filter>Source Files</Filter>
    </ClCompile>
    <ClCompile Include="D:\pv\ParaView\VTK\IO\NetCDF\vtkNetCDFCFReader.cxx">
      <Filter>Source Files</Filter>
    </ClCompile>
    <ClCompile Include="D:\pv\ParaView\VTK\IO\NetCDF\vtkNetCDFCFWriter.cxx">
      <Filter>Source Files</Filter>
    </ClCompile>
    <ClCompile Include="D:\pv\ParaView\VTK\IO\NetCDF\vtkNetCDFPOPReader.cxx">
      <Filter>Source Files</Filter>
    </ClCompile>
    <ClCompile Include="D:\pv\ParaView\VTK\IO\NetCDF\vtkNetCDFReader.cxx">
      <Filter>Source Files</Filter>
    </ClCompile>
    <ClCompile Include="D:\pv\ParaView\VTK\IO\NetCDF\vtkNetCDFUGRIDReader.cxx">
      <Filter>Source Files</Filter>
    </ClCompile>
    <ClCompile Include="D:\pv\ParaView\VTK\IO\NetCDF\vtkSLACParticleReader.cxx">
      <Filter>Source Files</Filter>
    </ClCompile>
    <ClCompile Include="D:\pv\ParaView\VTK\IO\NetCDF\vtkSLACReader.cxx">
      <Filter>Source Files</Filter>
    </ClCompile>
  </ItemGroup>
  <ItemGroup>
    <ClInclude Include="D:\pv\ParaView\VTK\IO\NetCDF\vtkMPASReader.h">
      <Filter>Header Files</Filter>
    </ClInclude>
    <ClInclude Include="D:\pv\ParaView\VTK\IO\NetCDF\vtkNetCDFCAMReader.h">
      <Filter>Header Files</Filter>
    </ClInclude>
    <ClInclude Include="D:\pv\ParaView\VTK\IO\NetCDF\vtkNetCDFCFReader.h">
      <Filter>Header Files</Filter>
    </ClInclude>
    <ClInclude Include="D:\pv\ParaView\VTK\IO\NetCDF\vtkNetCDFCFWriter.h">
      <Filter>Header Files</Filter>
    </ClInclude>
    <ClInclude Include="D:\pv\ParaView\VTK\IO\NetCDF\vtkNetCDFPOPReader.h">
      <Filter>Header Files</Filter>
    </ClInclude>
    <ClInclude Include="D:\pv\ParaView\VTK\IO\NetCDF\vtkNetCDFReader.h">
      <Filter>Header Files</Filter>
    </ClInclude>
    <ClInclude Include="D:\pv\ParaView\VTK\IO\NetCDF\vtkNetCDFUGRIDReader.h">
      <Filter>Header Files</Filter>
    </ClInclude>
    <ClInclude Include="D:\pv\ParaView\VTK\IO\NetCDF\vtkSLACParticleReader.h">
      <Filter>Header Files</Filter>
    </ClInclude>
    <ClInclude Include="D:\pv\ParaView\VTK\IO\NetCDF\vtkSLACReader.h">
      <Filter>Header Files</Filter>
    </ClInclude>
    <ClInclude Include="D:\pv\rebuild\VTK\IO\NetCDF\vtkIONetCDFModule.h">
      <Filter>Header Files</Filter>
    </ClInclude>
  </ItemGroup>
  <ItemGroup>
    <CustomBuild Include="D:\pv\ParaView\VTK\IO\NetCDF\CMakeLists.txt" />
  </ItemGroup>
  <ItemGroup>
    <Filter Include="Header Files">
      <UniqueIdentifier>{345BF67A-A46B-3569-AD4B-B0F9BB083ED9}</UniqueIdentifier>
    </Filter>
    <Filter Include="Source Files">
      <UniqueIdentifier>{CE016C83-18D7-3CBD-A2E7-E2EB93EA0748}</UniqueIdentifier>
    </Filter>
  </ItemGroup>
</Project>
