<?xml version="1.0" encoding="utf-8"?>
<Project ToolsVersion="16.0" xmlns="http://schemas.microsoft.com/developer/msbuild/2003">
  <ItemGroup>
    <CustomBuild Include="D:\pv\rebuild\CMakeFiles\711ed9550af929b849ec001bce330e4b\AcceleratedAlgorithms.qch.rule">
      <Filter>CMake Rules</Filter>
    </CustomBuild>
    <CustomBuild Include="D:\pv\rebuild\CMakeFiles\6c8e77e5bdb909ab3d2cab6d9d037d2c\AcceleratedAlgorithms_qch.rule">
      <Filter>CMake Rules</Filter>
    </CustomBuild>
    <CustomBuild Include="D:\pv\ParaView\Plugins\AcceleratedAlgorithms\CMakeLists.txt" />
  </ItemGroup>
  <ItemGroup>
    <None Include="D:\pv\rebuild\Plugins\AcceleratedAlgorithms\CMakeFiles\AcceleratedAlgorithms_qch" />
  </ItemGroup>
  <ItemGroup>
    <Filter Include="CMake Rules">
      <UniqueIdentifier>{FEFA764E-8736-3FD4-9B90-BE7174AE3DEA}</UniqueIdentifier>
    </Filter>
  </ItemGroup>
</Project>
