<?xml version="1.0" encoding="utf-8"?>
<Project ToolsVersion="16.0" xmlns="http://schemas.microsoft.com/developer/msbuild/2003">
  <ItemGroup>
    <ClCompile Include="D:\pv\ParaView\VTKExtensions\Misc\vtkAppendRectilinearGrid.cxx">
      <Filter>Source Files</Filter>
    </ClCompile>
    <ClCompile Include="D:\pv\ParaView\VTKExtensions\Misc\vtkAttributeDataReductionFilter.cxx">
      <Filter>Source Files</Filter>
    </ClCompile>
    <ClCompile Include="D:\pv\ParaView\VTKExtensions\Misc\vtkCleanArrays.cxx">
      <Filter>Source Files</Filter>
    </ClCompile>
    <ClCompile Include="D:\pv\ParaView\VTKExtensions\Misc\vtkCompleteArrays.cxx">
      <Filter>Source Files</Filter>
    </ClCompile>
    <ClCompile Include="D:\pv\ParaView\VTKExtensions\Misc\vtkEnvironmentAnnotationFilter.cxx">
      <Filter>Source Files</Filter>
    </ClCompile>
    <ClCompile Include="D:\pv\ParaView\VTKExtensions\Misc\vtkMergeBlocks.cxx">
      <Filter>Source Files</Filter>
    </ClCompile>
    <ClCompile Include="D:\pv\ParaView\VTKExtensions\Misc\vtkMinMax.cxx">
      <Filter>Source Files</Filter>
    </ClCompile>
    <ClCompile Include="D:\pv\ParaView\VTKExtensions\Misc\vtkPExtractHistogram.cxx">
      <Filter>Source Files</Filter>
    </ClCompile>
    <ClCompile Include="D:\pv\ParaView\VTKExtensions\Misc\vtkPVExtractHistogram2D.cxx">
      <Filter>Source Files</Filter>
    </ClCompile>
    <ClCompile Include="D:\pv\ParaView\VTKExtensions\Misc\vtkPVBox.cxx">
      <Filter>Source Files</Filter>
    </ClCompile>
    <ClCompile Include="D:\pv\ParaView\VTKExtensions\Misc\vtkPVChangeOfBasisHelper.cxx">
      <Filter>Source Files</Filter>
    </ClCompile>
    <ClCompile Include="D:\pv\ParaView\VTKExtensions\Misc\vtkPVCylinder.cxx">
      <Filter>Source Files</Filter>
    </ClCompile>
    <ClCompile Include="D:\pv\ParaView\VTKExtensions\Misc\vtkPVMergeTables.cxx">
      <Filter>Source Files</Filter>
    </ClCompile>
    <ClCompile Include="D:\pv\ParaView\VTKExtensions\Misc\vtkPVMergeTablesMultiBlock.cxx">
      <Filter>Source Files</Filter>
    </ClCompile>
    <ClCompile Include="D:\pv\ParaView\VTKExtensions\Misc\vtkPVPlane.cxx">
      <Filter>Source Files</Filter>
    </ClCompile>
    <ClCompile Include="D:\pv\ParaView\VTKExtensions\Misc\vtkPVTransform.cxx">
      <Filter>Source Files</Filter>
    </ClCompile>
    <ClCompile Include="D:\pv\ParaView\VTKExtensions\Misc\vtkPVRotateAroundOriginTransform.cxx">
      <Filter>Source Files</Filter>
    </ClCompile>
    <ClCompile Include="D:\pv\ParaView\VTKExtensions\Misc\vtkReductionFilter.cxx">
      <Filter>Source Files</Filter>
    </ClCompile>
    <ClCompile Include="D:\pv\ParaView\VTKExtensions\Misc\vtkSelectionSerializer.cxx">
      <Filter>Source Files</Filter>
    </ClCompile>
  </ItemGroup>
  <ItemGroup>
    <ClInclude Include="D:\pv\ParaView\VTKExtensions\Misc\vtkAppendRectilinearGrid.h">
      <Filter>Header Files</Filter>
    </ClInclude>
    <ClInclude Include="D:\pv\ParaView\VTKExtensions\Misc\vtkAttributeDataReductionFilter.h">
      <Filter>Header Files</Filter>
    </ClInclude>
    <ClInclude Include="D:\pv\ParaView\VTKExtensions\Misc\vtkCleanArrays.h">
      <Filter>Header Files</Filter>
    </ClInclude>
    <ClInclude Include="D:\pv\ParaView\VTKExtensions\Misc\vtkCompleteArrays.h">
      <Filter>Header Files</Filter>
    </ClInclude>
    <ClInclude Include="D:\pv\ParaView\VTKExtensions\Misc\vtkEnvironmentAnnotationFilter.h">
      <Filter>Header Files</Filter>
    </ClInclude>
    <ClInclude Include="D:\pv\ParaView\VTKExtensions\Misc\vtkMergeBlocks.h">
      <Filter>Header Files</Filter>
    </ClInclude>
    <ClInclude Include="D:\pv\ParaView\VTKExtensions\Misc\vtkMinMax.h">
      <Filter>Header Files</Filter>
    </ClInclude>
    <ClInclude Include="D:\pv\ParaView\VTKExtensions\Misc\vtkPExtractHistogram.h">
      <Filter>Header Files</Filter>
    </ClInclude>
    <ClInclude Include="D:\pv\ParaView\VTKExtensions\Misc\vtkPVExtractHistogram2D.h">
      <Filter>Header Files</Filter>
    </ClInclude>
    <ClInclude Include="D:\pv\ParaView\VTKExtensions\Misc\vtkPVBox.h">
      <Filter>Header Files</Filter>
    </ClInclude>
    <ClInclude Include="D:\pv\ParaView\VTKExtensions\Misc\vtkPVChangeOfBasisHelper.h">
      <Filter>Header Files</Filter>
    </ClInclude>
    <ClInclude Include="D:\pv\ParaView\VTKExtensions\Misc\vtkPVCylinder.h">
      <Filter>Header Files</Filter>
    </ClInclude>
    <ClInclude Include="D:\pv\ParaView\VTKExtensions\Misc\vtkPVMergeTables.h">
      <Filter>Header Files</Filter>
    </ClInclude>
    <ClInclude Include="D:\pv\ParaView\VTKExtensions\Misc\vtkPVMergeTablesMultiBlock.h">
      <Filter>Header Files</Filter>
    </ClInclude>
    <ClInclude Include="D:\pv\ParaView\VTKExtensions\Misc\vtkPVPlane.h">
      <Filter>Header Files</Filter>
    </ClInclude>
    <ClInclude Include="D:\pv\ParaView\VTKExtensions\Misc\vtkPVTransform.h">
      <Filter>Header Files</Filter>
    </ClInclude>
    <ClInclude Include="D:\pv\ParaView\VTKExtensions\Misc\vtkPVRotateAroundOriginTransform.h">
      <Filter>Header Files</Filter>
    </ClInclude>
    <ClInclude Include="D:\pv\ParaView\VTKExtensions\Misc\vtkReductionFilter.h">
      <Filter>Header Files</Filter>
    </ClInclude>
    <ClInclude Include="D:\pv\ParaView\VTKExtensions\Misc\vtkSelectionSerializer.h">
      <Filter>Header Files</Filter>
    </ClInclude>
    <ClInclude Include="D:\pv\rebuild\VTKExtensions\Misc\vtkPVVTKExtensionsMiscModule.h">
      <Filter>Header Files</Filter>
    </ClInclude>
  </ItemGroup>
  <ItemGroup>
    <CustomBuild Include="D:\pv\ParaView\VTKExtensions\Misc\CMakeLists.txt" />
  </ItemGroup>
  <ItemGroup>
    <Filter Include="Header Files">
      <UniqueIdentifier>{345BF67A-A46B-3569-AD4B-B0F9BB083ED9}</UniqueIdentifier>
    </Filter>
    <Filter Include="Source Files">
      <UniqueIdentifier>{CE016C83-18D7-3CBD-A2E7-E2EB93EA0748}</UniqueIdentifier>
    </Filter>
  </ItemGroup>
</Project>
