<?xml version="1.0" encoding="utf-8"?>
<Project ToolsVersion="16.0" xmlns="http://schemas.microsoft.com/developer/msbuild/2003">
  <ItemGroup>
    <ClCompile Include="D:\pv\rebuild\CMakeFiles\vtkFiltersParallelDIY2CS\vtkAdaptiveResampleToImageClientServer.cxx">
      <Filter>Source Files</Filter>
    </ClCompile>
    <ClCompile Include="D:\pv\rebuild\CMakeFiles\vtkFiltersParallelDIY2CS\vtkExtractSubsetWithSeedClientServer.cxx">
      <Filter>Source Files</Filter>
    </ClCompile>
    <ClCompile Include="D:\pv\rebuild\CMakeFiles\vtkFiltersParallelDIY2CS\vtkGenerateGlobalIdsClientServer.cxx">
      <Filter>Source Files</Filter>
    </ClCompile>
    <ClCompile Include="D:\pv\rebuild\CMakeFiles\vtkFiltersParallelDIY2CS\vtkGhostCellsGeneratorClientServer.cxx">
      <Filter>Source Files</Filter>
    </ClCompile>
    <ClCompile Include="D:\pv\rebuild\CMakeFiles\vtkFiltersParallelDIY2CS\vtkNativePartitioningStrategyClientServer.cxx">
      <Filter>Source Files</Filter>
    </ClCompile>
    <ClCompile Include="D:\pv\rebuild\CMakeFiles\vtkFiltersParallelDIY2CS\vtkOverlappingCellsDetectorClientServer.cxx">
      <Filter>Source Files</Filter>
    </ClCompile>
    <ClCompile Include="D:\pv\rebuild\CMakeFiles\vtkFiltersParallelDIY2CS\vtkPartitioningStrategyClientServer.cxx">
      <Filter>Source Files</Filter>
    </ClCompile>
    <ClCompile Include="D:\pv\rebuild\CMakeFiles\vtkFiltersParallelDIY2CS\vtkPResampleToImageClientServer.cxx">
      <Filter>Source Files</Filter>
    </ClCompile>
    <ClCompile Include="D:\pv\rebuild\CMakeFiles\vtkFiltersParallelDIY2CS\vtkPResampleWithDataSetClientServer.cxx">
      <Filter>Source Files</Filter>
    </ClCompile>
    <ClCompile Include="D:\pv\rebuild\CMakeFiles\vtkFiltersParallelDIY2CS\vtkProbeLineFilterClientServer.cxx">
      <Filter>Source Files</Filter>
    </ClCompile>
    <ClCompile Include="D:\pv\rebuild\CMakeFiles\vtkFiltersParallelDIY2CS\vtkRedistributeDataSetFilterClientServer.cxx">
      <Filter>Source Files</Filter>
    </ClCompile>
    <ClCompile Include="D:\pv\rebuild\CMakeFiles\vtkFiltersParallelDIY2CS\vtkStitchImageDataWithGhostsClientServer.cxx">
      <Filter>Source Files</Filter>
    </ClCompile>
    <ClCompile Include="D:\pv\rebuild\CMakeFiles\vtkFiltersParallelDIY2CSInit.cxx">
      <Filter>Source Files</Filter>
    </ClCompile>
  </ItemGroup>
  <ItemGroup>
    <CustomBuild Include="D:\pv\rebuild\CMakeFiles\8e68fd9601970300a6f47ae1fb024785\vtkAdaptiveResampleToImageClientServer.cxx.rule">
      <Filter>CMake Rules</Filter>
    </CustomBuild>
    <CustomBuild Include="D:\pv\rebuild\CMakeFiles\8e68fd9601970300a6f47ae1fb024785\vtkExtractSubsetWithSeedClientServer.cxx.rule">
      <Filter>CMake Rules</Filter>
    </CustomBuild>
    <CustomBuild Include="D:\pv\rebuild\CMakeFiles\8e68fd9601970300a6f47ae1fb024785\vtkGenerateGlobalIdsClientServer.cxx.rule">
      <Filter>CMake Rules</Filter>
    </CustomBuild>
    <CustomBuild Include="D:\pv\rebuild\CMakeFiles\8e68fd9601970300a6f47ae1fb024785\vtkGhostCellsGeneratorClientServer.cxx.rule">
      <Filter>CMake Rules</Filter>
    </CustomBuild>
    <CustomBuild Include="D:\pv\rebuild\CMakeFiles\8e68fd9601970300a6f47ae1fb024785\vtkNativePartitioningStrategyClientServer.cxx.rule">
      <Filter>CMake Rules</Filter>
    </CustomBuild>
    <CustomBuild Include="D:\pv\rebuild\CMakeFiles\8e68fd9601970300a6f47ae1fb024785\vtkOverlappingCellsDetectorClientServer.cxx.rule">
      <Filter>CMake Rules</Filter>
    </CustomBuild>
    <CustomBuild Include="D:\pv\rebuild\CMakeFiles\8e68fd9601970300a6f47ae1fb024785\vtkPartitioningStrategyClientServer.cxx.rule">
      <Filter>CMake Rules</Filter>
    </CustomBuild>
    <CustomBuild Include="D:\pv\rebuild\CMakeFiles\8e68fd9601970300a6f47ae1fb024785\vtkPResampleToImageClientServer.cxx.rule">
      <Filter>CMake Rules</Filter>
    </CustomBuild>
    <CustomBuild Include="D:\pv\rebuild\CMakeFiles\8e68fd9601970300a6f47ae1fb024785\vtkPResampleWithDataSetClientServer.cxx.rule">
      <Filter>CMake Rules</Filter>
    </CustomBuild>
    <CustomBuild Include="D:\pv\rebuild\CMakeFiles\8e68fd9601970300a6f47ae1fb024785\vtkProbeLineFilterClientServer.cxx.rule">
      <Filter>CMake Rules</Filter>
    </CustomBuild>
    <CustomBuild Include="D:\pv\rebuild\CMakeFiles\8e68fd9601970300a6f47ae1fb024785\vtkRedistributeDataSetFilterClientServer.cxx.rule">
      <Filter>CMake Rules</Filter>
    </CustomBuild>
    <CustomBuild Include="D:\pv\rebuild\CMakeFiles\8e68fd9601970300a6f47ae1fb024785\vtkStitchImageDataWithGhostsClientServer.cxx.rule">
      <Filter>CMake Rules</Filter>
    </CustomBuild>
    <CustomBuild Include="D:\pv\ParaView\CMakeLists.txt" />
  </ItemGroup>
  <ItemGroup>
    <Filter Include="CMake Rules">
      <UniqueIdentifier>{FEFA764E-8736-3FD4-9B90-BE7174AE3DEA}</UniqueIdentifier>
    </Filter>
    <Filter Include="Source Files">
      <UniqueIdentifier>{CE016C83-18D7-3CBD-A2E7-E2EB93EA0748}</UniqueIdentifier>
    </Filter>
  </ItemGroup>
</Project>
