<?xml version="1.0" encoding="utf-8"?>
<Project ToolsVersion="16.0" xmlns="http://schemas.microsoft.com/developer/msbuild/2003">
  <ItemGroup>
    <ClCompile Include="D:\pv\rebuild\CMakeFiles\vtkPVVTKExtensionsIOEnSightCS\vtkPEnSightGoldBinaryReaderClientServer.cxx">
      <Filter>Source Files</Filter>
    </ClCompile>
    <ClCompile Include="D:\pv\rebuild\CMakeFiles\vtkPVVTKExtensionsIOEnSightCS\vtkPEnSightGoldReaderClientServer.cxx">
      <Filter>Source Files</Filter>
    </ClCompile>
    <ClCompile Include="D:\pv\rebuild\CMakeFiles\vtkPVVTKExtensionsIOEnSightCS\vtkPEnSightReaderClientServer.cxx">
      <Filter>Source Files</Filter>
    </ClCompile>
    <ClCompile Include="D:\pv\rebuild\CMakeFiles\vtkPVVTKExtensionsIOEnSightCS\vtkPGenericEnSightReaderClientServer.cxx">
      <Filter>Source Files</Filter>
    </ClCompile>
    <ClCompile Include="D:\pv\rebuild\CMakeFiles\vtkPVVTKExtensionsIOEnSightCS\vtkPVEnSightMasterServerReaderClientServer.cxx">
      <Filter>Source Files</Filter>
    </ClCompile>
    <ClCompile Include="D:\pv\rebuild\CMakeFiles\vtkPVVTKExtensionsIOEnSightCS\vtkPVEnSightMasterServerReader2ClientServer.cxx">
      <Filter>Source Files</Filter>
    </ClCompile>
    <ClCompile Include="D:\pv\rebuild\CMakeFiles\vtkPVVTKExtensionsIOEnSightCS\vtkPVEnSightMasterServerTranslatorClientServer.cxx">
      <Filter>Source Files</Filter>
    </ClCompile>
    <ClCompile Include="D:\pv\rebuild\CMakeFiles\vtkPVVTKExtensionsIOEnSightCSInit.cxx">
      <Filter>Source Files</Filter>
    </ClCompile>
  </ItemGroup>
  <ItemGroup>
    <CustomBuild Include="D:\pv\rebuild\CMakeFiles\457d6a57249f3183bcc94f474ecd1d25\vtkPEnSightGoldBinaryReaderClientServer.cxx.rule">
      <Filter>CMake Rules</Filter>
    </CustomBuild>
    <CustomBuild Include="D:\pv\rebuild\CMakeFiles\457d6a57249f3183bcc94f474ecd1d25\vtkPEnSightGoldReaderClientServer.cxx.rule">
      <Filter>CMake Rules</Filter>
    </CustomBuild>
    <CustomBuild Include="D:\pv\rebuild\CMakeFiles\457d6a57249f3183bcc94f474ecd1d25\vtkPEnSightReaderClientServer.cxx.rule">
      <Filter>CMake Rules</Filter>
    </CustomBuild>
    <CustomBuild Include="D:\pv\rebuild\CMakeFiles\457d6a57249f3183bcc94f474ecd1d25\vtkPGenericEnSightReaderClientServer.cxx.rule">
      <Filter>CMake Rules</Filter>
    </CustomBuild>
    <CustomBuild Include="D:\pv\rebuild\CMakeFiles\457d6a57249f3183bcc94f474ecd1d25\vtkPVEnSightMasterServerReaderClientServer.cxx.rule">
      <Filter>CMake Rules</Filter>
    </CustomBuild>
    <CustomBuild Include="D:\pv\rebuild\CMakeFiles\457d6a57249f3183bcc94f474ecd1d25\vtkPVEnSightMasterServerReader2ClientServer.cxx.rule">
      <Filter>CMake Rules</Filter>
    </CustomBuild>
    <CustomBuild Include="D:\pv\rebuild\CMakeFiles\457d6a57249f3183bcc94f474ecd1d25\vtkPVEnSightMasterServerTranslatorClientServer.cxx.rule">
      <Filter>CMake Rules</Filter>
    </CustomBuild>
    <CustomBuild Include="D:\pv\ParaView\CMakeLists.txt" />
  </ItemGroup>
  <ItemGroup>
    <Filter Include="CMake Rules">
      <UniqueIdentifier>{FEFA764E-8736-3FD4-9B90-BE7174AE3DEA}</UniqueIdentifier>
    </Filter>
    <Filter Include="Source Files">
      <UniqueIdentifier>{CE016C83-18D7-3CBD-A2E7-E2EB93EA0748}</UniqueIdentifier>
    </Filter>
  </ItemGroup>
</Project>
