<?xml version="1.0" encoding="utf-8"?>
<Project ToolsVersion="16.0" xmlns="http://schemas.microsoft.com/developer/msbuild/2003">
  <ItemGroup>
    <ClCompile Include="D:\pv\rebuild\CMakeFiles\vtkRemotingServerManagerCS\vtkSMMessageMinimalClientServer.cxx">
      <Filter>Source Files</Filter>
    </ClCompile>
    <ClCompile Include="D:\pv\rebuild\CMakeFiles\vtkRemotingServerManagerCS\vtkLoadStateOptionsClientServer.cxx">
      <Filter>Source Files</Filter>
    </ClCompile>
    <ClCompile Include="D:\pv\rebuild\CMakeFiles\vtkRemotingServerManagerCS\vtkRemoteWriterHelperClientServer.cxx">
      <Filter>Source Files</Filter>
    </ClCompile>
    <ClCompile Include="D:\pv\rebuild\CMakeFiles\vtkRemotingServerManagerCS\vtkPVCatalystChannelInformationClientServer.cxx">
      <Filter>Source Files</Filter>
    </ClCompile>
    <ClCompile Include="D:\pv\rebuild\CMakeFiles\vtkRemotingServerManagerCS\vtkPVCatalystSessionCoreClientServer.cxx">
      <Filter>Source Files</Filter>
    </ClCompile>
    <ClCompile Include="D:\pv\rebuild\CMakeFiles\vtkRemotingServerManagerCS\vtkPVDataMoverClientServer.cxx">
      <Filter>Source Files</Filter>
    </ClCompile>
    <ClCompile Include="D:\pv\rebuild\CMakeFiles\vtkRemotingServerManagerCS\vtkPVFilePathEncodingHelperClientServer.cxx">
      <Filter>Source Files</Filter>
    </ClCompile>
    <ClCompile Include="D:\pv\rebuild\CMakeFiles\vtkRemotingServerManagerCS\vtkPVMultiClientsInformationClientServer.cxx">
      <Filter>Source Files</Filter>
    </ClCompile>
    <ClCompile Include="D:\pv\rebuild\CMakeFiles\vtkRemotingServerManagerCS\vtkPVProxyDefinitionIteratorClientServer.cxx">
      <Filter>Source Files</Filter>
    </ClCompile>
    <ClCompile Include="D:\pv\rebuild\CMakeFiles\vtkRemotingServerManagerCS\vtkPVSessionBaseClientServer.cxx">
      <Filter>Source Files</Filter>
    </ClCompile>
    <ClCompile Include="D:\pv\rebuild\CMakeFiles\vtkRemotingServerManagerCS\vtkPVSessionCoreClientServer.cxx">
      <Filter>Source Files</Filter>
    </ClCompile>
    <ClCompile Include="D:\pv\rebuild\CMakeFiles\vtkRemotingServerManagerCS\vtkPVSessionCoreInterpreterHelperClientServer.cxx">
      <Filter>Source Files</Filter>
    </ClCompile>
    <ClCompile Include="D:\pv\rebuild\CMakeFiles\vtkRemotingServerManagerCS\vtkPVSessionServerClientServer.cxx">
      <Filter>Source Files</Filter>
    </ClCompile>
    <ClCompile Include="D:\pv\rebuild\CMakeFiles\vtkRemotingServerManagerCS\vtkSIArraySelectionPropertyClientServer.cxx">
      <Filter>Source Files</Filter>
    </ClCompile>
    <ClCompile Include="D:\pv\rebuild\CMakeFiles\vtkRemotingServerManagerCS\vtkSICollaborationManagerClientServer.cxx">
      <Filter>Source Files</Filter>
    </ClCompile>
    <ClCompile Include="D:\pv\rebuild\CMakeFiles\vtkRemotingServerManagerCS\vtkSICompoundSourceProxyClientServer.cxx">
      <Filter>Source Files</Filter>
    </ClCompile>
    <ClCompile Include="D:\pv\rebuild\CMakeFiles\vtkRemotingServerManagerCS\vtkSIDataArrayPropertyClientServer.cxx">
      <Filter>Source Files</Filter>
    </ClCompile>
    <ClCompile Include="D:\pv\rebuild\CMakeFiles\vtkRemotingServerManagerCS\vtkSIDataArraySelectionPropertyClientServer.cxx">
      <Filter>Source Files</Filter>
    </ClCompile>
    <ClCompile Include="D:\pv\rebuild\CMakeFiles\vtkRemotingServerManagerCS\vtkSIDirectoryProxyClientServer.cxx">
      <Filter>Source Files</Filter>
    </ClCompile>
    <ClCompile Include="D:\pv\rebuild\CMakeFiles\vtkRemotingServerManagerCS\vtkSIDoubleMapPropertyClientServer.cxx">
      <Filter>Source Files</Filter>
    </ClCompile>
    <ClCompile Include="D:\pv\rebuild\CMakeFiles\vtkRemotingServerManagerCS\vtkSIDoubleVectorPropertyClientServer.cxx">
      <Filter>Source Files</Filter>
    </ClCompile>
    <ClCompile Include="D:\pv\rebuild\CMakeFiles\vtkRemotingServerManagerCS\vtkSIIdTypeVectorPropertyClientServer.cxx">
      <Filter>Source Files</Filter>
    </ClCompile>
    <ClCompile Include="D:\pv\rebuild\CMakeFiles\vtkRemotingServerManagerCS\vtkSIIndexSelectionPropertyClientServer.cxx">
      <Filter>Source Files</Filter>
    </ClCompile>
    <ClCompile Include="D:\pv\rebuild\CMakeFiles\vtkRemotingServerManagerCS\vtkSIInputPropertyClientServer.cxx">
      <Filter>Source Files</Filter>
    </ClCompile>
    <ClCompile Include="D:\pv\rebuild\CMakeFiles\vtkRemotingServerManagerCS\vtkSIIntVectorPropertyClientServer.cxx">
      <Filter>Source Files</Filter>
    </ClCompile>
    <ClCompile Include="D:\pv\rebuild\CMakeFiles\vtkRemotingServerManagerCS\vtkSIMetaReaderProxyClientServer.cxx">
      <Filter>Source Files</Filter>
    </ClCompile>
    <ClCompile Include="D:\pv\rebuild\CMakeFiles\vtkRemotingServerManagerCS\vtkSIMultiplexerSourceProxyClientServer.cxx">
      <Filter>Source Files</Filter>
    </ClCompile>
    <ClCompile Include="D:\pv\rebuild\CMakeFiles\vtkRemotingServerManagerCS\vtkSIObjectClientServer.cxx">
      <Filter>Source Files</Filter>
    </ClCompile>
    <ClCompile Include="D:\pv\rebuild\CMakeFiles\vtkRemotingServerManagerCS\vtkSIPropertyClientServer.cxx">
      <Filter>Source Files</Filter>
    </ClCompile>
    <ClCompile Include="D:\pv\rebuild\CMakeFiles\vtkRemotingServerManagerCS\vtkSIProxyClientServer.cxx">
      <Filter>Source Files</Filter>
    </ClCompile>
    <ClCompile Include="D:\pv\rebuild\CMakeFiles\vtkRemotingServerManagerCS\vtkSIProxyDefinitionManagerClientServer.cxx">
      <Filter>Source Files</Filter>
    </ClCompile>
    <ClCompile Include="D:\pv\rebuild\CMakeFiles\vtkRemotingServerManagerCS\vtkSIProxyPropertyClientServer.cxx">
      <Filter>Source Files</Filter>
    </ClCompile>
    <ClCompile Include="D:\pv\rebuild\CMakeFiles\vtkRemotingServerManagerCS\vtkSISourceProxyClientServer.cxx">
      <Filter>Source Files</Filter>
    </ClCompile>
    <ClCompile Include="D:\pv\rebuild\CMakeFiles\vtkRemotingServerManagerCS\vtkSIStringVectorPropertyClientServer.cxx">
      <Filter>Source Files</Filter>
    </ClCompile>
    <ClCompile Include="D:\pv\rebuild\CMakeFiles\vtkRemotingServerManagerCS\vtkSITimeLabelPropertyClientServer.cxx">
      <Filter>Source Files</Filter>
    </ClCompile>
    <ClCompile Include="D:\pv\rebuild\CMakeFiles\vtkRemotingServerManagerCS\vtkSITimeRangePropertyClientServer.cxx">
      <Filter>Source Files</Filter>
    </ClCompile>
    <ClCompile Include="D:\pv\rebuild\CMakeFiles\vtkRemotingServerManagerCS\vtkSITimeStepsPropertyClientServer.cxx">
      <Filter>Source Files</Filter>
    </ClCompile>
    <ClCompile Include="D:\pv\rebuild\CMakeFiles\vtkRemotingServerManagerCS\vtkSIVectorPropertyClientServer.cxx">
      <Filter>Source Files</Filter>
    </ClCompile>
    <ClCompile Include="D:\pv\rebuild\CMakeFiles\vtkRemotingServerManagerCS\vtkSIWriterProxyClientServer.cxx">
      <Filter>Source Files</Filter>
    </ClCompile>
    <ClCompile Include="D:\pv\rebuild\CMakeFiles\vtkRemotingServerManagerCS\vtkSMAMRLevelsDomainClientServer.cxx">
      <Filter>Source Files</Filter>
    </ClCompile>
    <ClCompile Include="D:\pv\rebuild\CMakeFiles\vtkRemotingServerManagerCS\vtkSMArrayListDomainClientServer.cxx">
      <Filter>Source Files</Filter>
    </ClCompile>
    <ClCompile Include="D:\pv\rebuild\CMakeFiles\vtkRemotingServerManagerCS\vtkSMArrayRangeDomainClientServer.cxx">
      <Filter>Source Files</Filter>
    </ClCompile>
    <ClCompile Include="D:\pv\rebuild\CMakeFiles\vtkRemotingServerManagerCS\vtkSMArraySelectionDomainClientServer.cxx">
      <Filter>Source Files</Filter>
    </ClCompile>
    <ClCompile Include="D:\pv\rebuild\CMakeFiles\vtkRemotingServerManagerCS\vtkSMBooleanDomainClientServer.cxx">
      <Filter>Source Files</Filter>
    </ClCompile>
    <ClCompile Include="D:\pv\rebuild\CMakeFiles\vtkRemotingServerManagerCS\vtkSMBoundsDomainClientServer.cxx">
      <Filter>Source Files</Filter>
    </ClCompile>
    <ClCompile Include="D:\pv\rebuild\CMakeFiles\vtkRemotingServerManagerCS\vtkSMCollaborationManagerClientServer.cxx">
      <Filter>Source Files</Filter>
    </ClCompile>
    <ClCompile Include="D:\pv\rebuild\CMakeFiles\vtkRemotingServerManagerCS\vtkSMCompositeTreeDomainClientServer.cxx">
      <Filter>Source Files</Filter>
    </ClCompile>
    <ClCompile Include="D:\pv\rebuild\CMakeFiles\vtkRemotingServerManagerCS\vtkSMCompoundProxyDefinitionLoaderClientServer.cxx">
      <Filter>Source Files</Filter>
    </ClCompile>
    <ClCompile Include="D:\pv\rebuild\CMakeFiles\vtkRemotingServerManagerCS\vtkSMCompoundSourceProxyClientServer.cxx">
      <Filter>Source Files</Filter>
    </ClCompile>
    <ClCompile Include="D:\pv\rebuild\CMakeFiles\vtkRemotingServerManagerCS\vtkSMCompoundSourceProxyDefinitionBuilderClientServer.cxx">
      <Filter>Source Files</Filter>
    </ClCompile>
    <ClCompile Include="D:\pv\rebuild\CMakeFiles\vtkRemotingServerManagerCS\vtkSMCoreUtilitiesClientServer.cxx">
      <Filter>Source Files</Filter>
    </ClCompile>
    <ClCompile Include="D:\pv\rebuild\CMakeFiles\vtkRemotingServerManagerCS\vtkSMDataAssemblyDomainClientServer.cxx">
      <Filter>Source Files</Filter>
    </ClCompile>
    <ClCompile Include="D:\pv\rebuild\CMakeFiles\vtkRemotingServerManagerCS\vtkSMDataAssemblyListDomainClientServer.cxx">
      <Filter>Source Files</Filter>
    </ClCompile>
    <ClCompile Include="D:\pv\rebuild\CMakeFiles\vtkRemotingServerManagerCS\vtkSMDataExtractWriterProxyClientServer.cxx">
      <Filter>Source Files</Filter>
    </ClCompile>
    <ClCompile Include="D:\pv\rebuild\CMakeFiles\vtkRemotingServerManagerCS\vtkSMDataSourceProxyClientServer.cxx">
      <Filter>Source Files</Filter>
    </ClCompile>
    <ClCompile Include="D:\pv\rebuild\CMakeFiles\vtkRemotingServerManagerCS\vtkSMDataTypeDomainClientServer.cxx">
      <Filter>Source Files</Filter>
    </ClCompile>
    <ClCompile Include="D:\pv\rebuild\CMakeFiles\vtkRemotingServerManagerCS\vtkSMDataTypeQueryDomainClientServer.cxx">
      <Filter>Source Files</Filter>
    </ClCompile>
    <ClCompile Include="D:\pv\rebuild\CMakeFiles\vtkRemotingServerManagerCS\vtkSMDeserializerClientServer.cxx">
      <Filter>Source Files</Filter>
    </ClCompile>
    <ClCompile Include="D:\pv\rebuild\CMakeFiles\vtkRemotingServerManagerCS\vtkSMDeserializerProtobufClientServer.cxx">
      <Filter>Source Files</Filter>
    </ClCompile>
    <ClCompile Include="D:\pv\rebuild\CMakeFiles\vtkRemotingServerManagerCS\vtkSMDeserializerXMLClientServer.cxx">
      <Filter>Source Files</Filter>
    </ClCompile>
    <ClCompile Include="D:\pv\rebuild\CMakeFiles\vtkRemotingServerManagerCS\vtkSMDeserializerXMLCacheClientServer.cxx">
      <Filter>Source Files</Filter>
    </ClCompile>
    <ClCompile Include="D:\pv\rebuild\CMakeFiles\vtkRemotingServerManagerCS\vtkSMDimensionsDomainClientServer.cxx">
      <Filter>Source Files</Filter>
    </ClCompile>
    <ClCompile Include="D:\pv\rebuild\CMakeFiles\vtkRemotingServerManagerCS\vtkSMDirectoryProxyClientServer.cxx">
      <Filter>Source Files</Filter>
    </ClCompile>
    <ClCompile Include="D:\pv\rebuild\CMakeFiles\vtkRemotingServerManagerCS\vtkSMDiscreteDoubleDomainClientServer.cxx">
      <Filter>Source Files</Filter>
    </ClCompile>
    <ClCompile Include="D:\pv\rebuild\CMakeFiles\vtkRemotingServerManagerCS\vtkSMDocumentationClientServer.cxx">
      <Filter>Source Files</Filter>
    </ClCompile>
    <ClCompile Include="D:\pv\rebuild\CMakeFiles\vtkRemotingServerManagerCS\vtkSMDomainClientServer.cxx">
      <Filter>Source Files</Filter>
    </ClCompile>
    <ClCompile Include="D:\pv\rebuild\CMakeFiles\vtkRemotingServerManagerCS\vtkSMDomainIteratorClientServer.cxx">
      <Filter>Source Files</Filter>
    </ClCompile>
    <ClCompile Include="D:\pv\rebuild\CMakeFiles\vtkRemotingServerManagerCS\vtkSMDoubleMapPropertyClientServer.cxx">
      <Filter>Source Files</Filter>
    </ClCompile>
    <ClCompile Include="D:\pv\rebuild\CMakeFiles\vtkRemotingServerManagerCS\vtkSMDoubleMapPropertyIteratorClientServer.cxx">
      <Filter>Source Files</Filter>
    </ClCompile>
    <ClCompile Include="D:\pv\rebuild\CMakeFiles\vtkRemotingServerManagerCS\vtkSMDoubleRangeDomainClientServer.cxx">
      <Filter>Source Files</Filter>
    </ClCompile>
    <ClCompile Include="D:\pv\rebuild\CMakeFiles\vtkRemotingServerManagerCS\vtkSMDoubleVectorPropertyClientServer.cxx">
      <Filter>Source Files</Filter>
    </ClCompile>
    <ClCompile Include="D:\pv\rebuild\CMakeFiles\vtkRemotingServerManagerCS\vtkSMEnumerationDomainClientServer.cxx">
      <Filter>Source Files</Filter>
    </ClCompile>
    <ClCompile Include="D:\pv\rebuild\CMakeFiles\vtkRemotingServerManagerCS\vtkSMExtentDomainClientServer.cxx">
      <Filter>Source Files</Filter>
    </ClCompile>
    <ClCompile Include="D:\pv\rebuild\CMakeFiles\vtkRemotingServerManagerCS\vtkSMExtractsControllerClientServer.cxx">
      <Filter>Source Files</Filter>
    </ClCompile>
    <ClCompile Include="D:\pv\rebuild\CMakeFiles\vtkRemotingServerManagerCS\vtkSMExtractTriggerProxyClientServer.cxx">
      <Filter>Source Files</Filter>
    </ClCompile>
    <ClCompile Include="D:\pv\rebuild\CMakeFiles\vtkRemotingServerManagerCS\vtkSMExtractWriterProxyClientServer.cxx">
      <Filter>Source Files</Filter>
    </ClCompile>
    <ClCompile Include="D:\pv\rebuild\CMakeFiles\vtkRemotingServerManagerCS\vtkSMFieldDataDomainClientServer.cxx">
      <Filter>Source Files</Filter>
    </ClCompile>
    <ClCompile Include="D:\pv\rebuild\CMakeFiles\vtkRemotingServerManagerCS\vtkSMFileListDomainClientServer.cxx">
      <Filter>Source Files</Filter>
    </ClCompile>
    <ClCompile Include="D:\pv\rebuild\CMakeFiles\vtkRemotingServerManagerCS\vtkSMFileUtilitiesClientServer.cxx">
      <Filter>Source Files</Filter>
    </ClCompile>
    <ClCompile Include="D:\pv\rebuild\CMakeFiles\vtkRemotingServerManagerCS\vtkSMFixedTypeDomainClientServer.cxx">
      <Filter>Source Files</Filter>
    </ClCompile>
    <ClCompile Include="D:\pv\rebuild\CMakeFiles\vtkRemotingServerManagerCS\vtkSMIdTypeVectorPropertyClientServer.cxx">
      <Filter>Source Files</Filter>
    </ClCompile>
    <ClCompile Include="D:\pv\rebuild\CMakeFiles\vtkRemotingServerManagerCS\vtkSMIndexSelectionDomainClientServer.cxx">
      <Filter>Source Files</Filter>
    </ClCompile>
    <ClCompile Include="D:\pv\rebuild\CMakeFiles\vtkRemotingServerManagerCS\vtkSMInputArrayDomainClientServer.cxx">
      <Filter>Source Files</Filter>
    </ClCompile>
    <ClCompile Include="D:\pv\rebuild\CMakeFiles\vtkRemotingServerManagerCS\vtkSMInputFileNameDomainClientServer.cxx">
      <Filter>Source Files</Filter>
    </ClCompile>
    <ClCompile Include="D:\pv\rebuild\CMakeFiles\vtkRemotingServerManagerCS\vtkSMInputPropertyClientServer.cxx">
      <Filter>Source Files</Filter>
    </ClCompile>
    <ClCompile Include="D:\pv\rebuild\CMakeFiles\vtkRemotingServerManagerCS\vtkSMIntRangeDomainClientServer.cxx">
      <Filter>Source Files</Filter>
    </ClCompile>
    <ClCompile Include="D:\pv\rebuild\CMakeFiles\vtkRemotingServerManagerCS\vtkSMIntVectorPropertyClientServer.cxx">
      <Filter>Source Files</Filter>
    </ClCompile>
    <ClCompile Include="D:\pv\rebuild\CMakeFiles\vtkRemotingServerManagerCS\vtkSMLinkClientServer.cxx">
      <Filter>Source Files</Filter>
    </ClCompile>
    <ClCompile Include="D:\pv\rebuild\CMakeFiles\vtkRemotingServerManagerCS\vtkSMLoadStateOptionsProxyClientServer.cxx">
      <Filter>Source Files</Filter>
    </ClCompile>
    <ClCompile Include="D:\pv\rebuild\CMakeFiles\vtkRemotingServerManagerCS\vtkSMMapPropertyClientServer.cxx">
      <Filter>Source Files</Filter>
    </ClCompile>
    <ClCompile Include="D:\pv\rebuild\CMakeFiles\vtkRemotingServerManagerCS\vtkSMMessageClientServer.cxx">
      <Filter>Source Files</Filter>
    </ClCompile>
    <ClCompile Include="D:\pv\rebuild\CMakeFiles\vtkRemotingServerManagerCS\vtkSMMultiplexerSourceProxyClientServer.cxx">
      <Filter>Source Files</Filter>
    </ClCompile>
    <ClCompile Include="D:\pv\rebuild\CMakeFiles\vtkRemotingServerManagerCS\vtkSMMultiplexerInputDomainClientServer.cxx">
      <Filter>Source Files</Filter>
    </ClCompile>
    <ClCompile Include="D:\pv\rebuild\CMakeFiles\vtkRemotingServerManagerCS\vtkSMNamedPropertyIteratorClientServer.cxx">
      <Filter>Source Files</Filter>
    </ClCompile>
    <ClCompile Include="D:\pv\rebuild\CMakeFiles\vtkRemotingServerManagerCS\vtkSMNullProxyClientServer.cxx">
      <Filter>Source Files</Filter>
    </ClCompile>
    <ClCompile Include="D:\pv\rebuild\CMakeFiles\vtkRemotingServerManagerCS\vtkSMNumberOfComponentsDomainClientServer.cxx">
      <Filter>Source Files</Filter>
    </ClCompile>
    <ClCompile Include="D:\pv\rebuild\CMakeFiles\vtkRemotingServerManagerCS\vtkSMObjectClientServer.cxx">
      <Filter>Source Files</Filter>
    </ClCompile>
    <ClCompile Include="D:\pv\rebuild\CMakeFiles\vtkRemotingServerManagerCS\vtkSMOrderedPropertyIteratorClientServer.cxx">
      <Filter>Source Files</Filter>
    </ClCompile>
    <ClCompile Include="D:\pv\rebuild\CMakeFiles\vtkRemotingServerManagerCS\vtkSMOutputPortClientServer.cxx">
      <Filter>Source Files</Filter>
    </ClCompile>
    <ClCompile Include="D:\pv\rebuild\CMakeFiles\vtkRemotingServerManagerCS\vtkSMParaViewPipelineControllerClientServer.cxx">
      <Filter>Source Files</Filter>
    </ClCompile>
    <ClCompile Include="D:\pv\rebuild\CMakeFiles\vtkRemotingServerManagerCS\vtkSMPipelineStateClientServer.cxx">
      <Filter>Source Files</Filter>
    </ClCompile>
    <ClCompile Include="D:\pv\rebuild\CMakeFiles\vtkRemotingServerManagerCS\vtkSMPluginLoaderProxyClientServer.cxx">
      <Filter>Source Files</Filter>
    </ClCompile>
    <ClCompile Include="D:\pv\rebuild\CMakeFiles\vtkRemotingServerManagerCS\vtkSMPluginManagerClientServer.cxx">
      <Filter>Source Files</Filter>
    </ClCompile>
    <ClCompile Include="D:\pv\rebuild\CMakeFiles\vtkRemotingServerManagerCS\vtkSMPropertyClientServer.cxx">
      <Filter>Source Files</Filter>
    </ClCompile>
    <ClCompile Include="D:\pv\rebuild\CMakeFiles\vtkRemotingServerManagerCS\vtkSMPropertyGroupClientServer.cxx">
      <Filter>Source Files</Filter>
    </ClCompile>
    <ClCompile Include="D:\pv\rebuild\CMakeFiles\vtkRemotingServerManagerCS\vtkSMPropertyHelperClientServer.cxx">
      <Filter>Source Files</Filter>
    </ClCompile>
    <ClCompile Include="D:\pv\rebuild\CMakeFiles\vtkRemotingServerManagerCS\vtkSMPropertyIteratorClientServer.cxx">
      <Filter>Source Files</Filter>
    </ClCompile>
    <ClCompile Include="D:\pv\rebuild\CMakeFiles\vtkRemotingServerManagerCS\vtkSMPropertyLinkClientServer.cxx">
      <Filter>Source Files</Filter>
    </ClCompile>
    <ClCompile Include="D:\pv\rebuild\CMakeFiles\vtkRemotingServerManagerCS\vtkSMPropertyModificationUndoElementClientServer.cxx">
      <Filter>Source Files</Filter>
    </ClCompile>
    <ClCompile Include="D:\pv\rebuild\CMakeFiles\vtkRemotingServerManagerCS\vtkSMProxyClientServer.cxx">
      <Filter>Source Files</Filter>
    </ClCompile>
    <ClCompile Include="D:\pv\rebuild\CMakeFiles\vtkRemotingServerManagerCS\vtkSMProxyDefinitionManagerClientServer.cxx">
      <Filter>Source Files</Filter>
    </ClCompile>
    <ClCompile Include="D:\pv\rebuild\CMakeFiles\vtkRemotingServerManagerCS\vtkSMProxyGroupDomainClientServer.cxx">
      <Filter>Source Files</Filter>
    </ClCompile>
    <ClCompile Include="D:\pv\rebuild\CMakeFiles\vtkRemotingServerManagerCS\vtkSMProxyInitializationHelperClientServer.cxx">
      <Filter>Source Files</Filter>
    </ClCompile>
    <ClCompile Include="D:\pv\rebuild\CMakeFiles\vtkRemotingServerManagerCS\vtkSMProxyIteratorClientServer.cxx">
      <Filter>Source Files</Filter>
    </ClCompile>
    <ClCompile Include="D:\pv\rebuild\CMakeFiles\vtkRemotingServerManagerCS\vtkSMProxyLinkClientServer.cxx">
      <Filter>Source Files</Filter>
    </ClCompile>
    <ClCompile Include="D:\pv\rebuild\CMakeFiles\vtkRemotingServerManagerCS\vtkSMProxyListDomainClientServer.cxx">
      <Filter>Source Files</Filter>
    </ClCompile>
    <ClCompile Include="D:\pv\rebuild\CMakeFiles\vtkRemotingServerManagerCS\vtkSMProxyLocatorClientServer.cxx">
      <Filter>Source Files</Filter>
    </ClCompile>
    <ClCompile Include="D:\pv\rebuild\CMakeFiles\vtkRemotingServerManagerCS\vtkSMProxyManagerClientServer.cxx">
      <Filter>Source Files</Filter>
    </ClCompile>
    <ClCompile Include="D:\pv\rebuild\CMakeFiles\vtkRemotingServerManagerCS\vtkSMProxyManagerUtilitiesClientServer.cxx">
      <Filter>Source Files</Filter>
    </ClCompile>
    <ClCompile Include="D:\pv\rebuild\CMakeFiles\vtkRemotingServerManagerCS\vtkSMProxyPropertyClientServer.cxx">
      <Filter>Source Files</Filter>
    </ClCompile>
    <ClCompile Include="D:\pv\rebuild\CMakeFiles\vtkRemotingServerManagerCS\vtkSMProxySelectionModelClientServer.cxx">
      <Filter>Source Files</Filter>
    </ClCompile>
    <ClCompile Include="D:\pv\rebuild\CMakeFiles\vtkRemotingServerManagerCS\vtkSMPSWriterProxyClientServer.cxx">
      <Filter>Source Files</Filter>
    </ClCompile>
    <ClCompile Include="D:\pv\rebuild\CMakeFiles\vtkRemotingServerManagerCS\vtkSMPWriterProxyClientServer.cxx">
      <Filter>Source Files</Filter>
    </ClCompile>
    <ClCompile Include="D:\pv\rebuild\CMakeFiles\vtkRemotingServerManagerCS\vtkSMReaderFactoryClientServer.cxx">
      <Filter>Source Files</Filter>
    </ClCompile>
    <ClCompile Include="D:\pv\rebuild\CMakeFiles\vtkRemotingServerManagerCS\vtkSMReaderReloadHelperClientServer.cxx">
      <Filter>Source Files</Filter>
    </ClCompile>
    <ClCompile Include="D:\pv\rebuild\CMakeFiles\vtkRemotingServerManagerCS\vtkSMRegistrationNamesDomainClientServer.cxx">
      <Filter>Source Files</Filter>
    </ClCompile>
    <ClCompile Include="D:\pv\rebuild\CMakeFiles\vtkRemotingServerManagerCS\vtkSMRemoteObjectClientServer.cxx">
      <Filter>Source Files</Filter>
    </ClCompile>
    <ClCompile Include="D:\pv\rebuild\CMakeFiles\vtkRemotingServerManagerCS\vtkSMRemoteObjectUpdateUndoElementClientServer.cxx">
      <Filter>Source Files</Filter>
    </ClCompile>
    <ClCompile Include="D:\pv\rebuild\CMakeFiles\vtkRemotingServerManagerCS\vtkSMSelectionQueryDomainClientServer.cxx">
      <Filter>Source Files</Filter>
    </ClCompile>
    <ClCompile Include="D:\pv\rebuild\CMakeFiles\vtkRemotingServerManagerCS\vtkSMSelfGeneratingSourceProxyClientServer.cxx">
      <Filter>Source Files</Filter>
    </ClCompile>
    <ClCompile Include="D:\pv\rebuild\CMakeFiles\vtkRemotingServerManagerCS\vtkSMServerStateLocatorClientServer.cxx">
      <Filter>Source Files</Filter>
    </ClCompile>
    <ClCompile Include="D:\pv\rebuild\CMakeFiles\vtkRemotingServerManagerCS\vtkSMSessionClientServer.cxx">
      <Filter>Source Files</Filter>
    </ClCompile>
    <ClCompile Include="D:\pv\rebuild\CMakeFiles\vtkRemotingServerManagerCS\vtkSMSessionClientClientServer.cxx">
      <Filter>Source Files</Filter>
    </ClCompile>
    <ClCompile Include="D:\pv\rebuild\CMakeFiles\vtkRemotingServerManagerCS\vtkSMSessionObjectClientServer.cxx">
      <Filter>Source Files</Filter>
    </ClCompile>
    <ClCompile Include="D:\pv\rebuild\CMakeFiles\vtkRemotingServerManagerCS\vtkSMSessionProxyManagerClientServer.cxx">
      <Filter>Source Files</Filter>
    </ClCompile>
    <ClCompile Include="D:\pv\rebuild\CMakeFiles\vtkRemotingServerManagerCS\vtkSMSettingsClientServer.cxx">
      <Filter>Source Files</Filter>
    </ClCompile>
    <ClCompile Include="D:\pv\rebuild\CMakeFiles\vtkRemotingServerManagerCS\vtkSMSettingsProxyClientServer.cxx">
      <Filter>Source Files</Filter>
    </ClCompile>
    <ClCompile Include="D:\pv\rebuild\CMakeFiles\vtkRemotingServerManagerCS\vtkSMSourceProxyClientServer.cxx">
      <Filter>Source Files</Filter>
    </ClCompile>
    <ClCompile Include="D:\pv\rebuild\CMakeFiles\vtkRemotingServerManagerCS\vtkSMStateLoaderClientServer.cxx">
      <Filter>Source Files</Filter>
    </ClCompile>
    <ClCompile Include="D:\pv\rebuild\CMakeFiles\vtkRemotingServerManagerCS\vtkSMStateLocatorClientServer.cxx">
      <Filter>Source Files</Filter>
    </ClCompile>
    <ClCompile Include="D:\pv\rebuild\CMakeFiles\vtkRemotingServerManagerCS\vtkSMStateVersionControllerClientServer.cxx">
      <Filter>Source Files</Filter>
    </ClCompile>
    <ClCompile Include="D:\pv\rebuild\CMakeFiles\vtkRemotingServerManagerCS\vtkSMStringListDomainClientServer.cxx">
      <Filter>Source Files</Filter>
    </ClCompile>
    <ClCompile Include="D:\pv\rebuild\CMakeFiles\vtkRemotingServerManagerCS\vtkSMStringVectorPropertyClientServer.cxx">
      <Filter>Source Files</Filter>
    </ClCompile>
    <ClCompile Include="D:\pv\rebuild\CMakeFiles\vtkRemotingServerManagerCS\vtkSMTimeKeeperClientServer.cxx">
      <Filter>Source Files</Filter>
    </ClCompile>
    <ClCompile Include="D:\pv\rebuild\CMakeFiles\vtkRemotingServerManagerCS\vtkSMTimeKeeperProxyClientServer.cxx">
      <Filter>Source Files</Filter>
    </ClCompile>
    <ClCompile Include="D:\pv\rebuild\CMakeFiles\vtkRemotingServerManagerCS\vtkSMTimeStepIndexDomainClientServer.cxx">
      <Filter>Source Files</Filter>
    </ClCompile>
    <ClCompile Include="D:\pv\rebuild\CMakeFiles\vtkRemotingServerManagerCS\vtkSMTimeStepsDomainClientServer.cxx">
      <Filter>Source Files</Filter>
    </ClCompile>
    <ClCompile Include="D:\pv\rebuild\CMakeFiles\vtkRemotingServerManagerCS\vtkSMTraceClientServer.cxx">
      <Filter>Source Files</Filter>
    </ClCompile>
    <ClCompile Include="D:\pv\rebuild\CMakeFiles\vtkRemotingServerManagerCS\vtkSMUncheckedPropertyHelperClientServer.cxx">
      <Filter>Source Files</Filter>
    </ClCompile>
    <ClCompile Include="D:\pv\rebuild\CMakeFiles\vtkRemotingServerManagerCS\vtkSMUndoElementClientServer.cxx">
      <Filter>Source Files</Filter>
    </ClCompile>
    <ClCompile Include="D:\pv\rebuild\CMakeFiles\vtkRemotingServerManagerCS\vtkSMUndoStackClientServer.cxx">
      <Filter>Source Files</Filter>
    </ClCompile>
    <ClCompile Include="D:\pv\rebuild\CMakeFiles\vtkRemotingServerManagerCS\vtkSMUndoStackBuilderClientServer.cxx">
      <Filter>Source Files</Filter>
    </ClCompile>
    <ClCompile Include="D:\pv\rebuild\CMakeFiles\vtkRemotingServerManagerCS\vtkSMVectorPropertyClientServer.cxx">
      <Filter>Source Files</Filter>
    </ClCompile>
    <ClCompile Include="D:\pv\rebuild\CMakeFiles\vtkRemotingServerManagerCS\vtkSMWriterFactoryClientServer.cxx">
      <Filter>Source Files</Filter>
    </ClCompile>
    <ClCompile Include="D:\pv\rebuild\CMakeFiles\vtkRemotingServerManagerCS\vtkSMWriterProxyClientServer.cxx">
      <Filter>Source Files</Filter>
    </ClCompile>
    <ClCompile Include="D:\pv\rebuild\CMakeFiles\vtkRemotingServerManagerCS\vtkSIVectorPropertyTemplateClientServer.cxx">
      <Filter>Source Files</Filter>
    </ClCompile>
    <ClCompile Include="D:\pv\rebuild\CMakeFiles\vtkRemotingServerManagerCS\vtkSMRangeDomainTemplateClientServer.cxx">
      <Filter>Source Files</Filter>
    </ClCompile>
    <ClCompile Include="D:\pv\rebuild\CMakeFiles\vtkRemotingServerManagerCSInit.cxx">
      <Filter>Source Files</Filter>
    </ClCompile>
  </ItemGroup>
  <ItemGroup>
    <CustomBuild Include="D:\pv\rebuild\CMakeFiles\dfafe6658e0e6721594bbc9d3054e071\vtkSMMessageMinimalClientServer.cxx.rule">
      <Filter>CMake Rules</Filter>
    </CustomBuild>
    <CustomBuild Include="D:\pv\rebuild\CMakeFiles\dfafe6658e0e6721594bbc9d3054e071\vtkLoadStateOptionsClientServer.cxx.rule">
      <Filter>CMake Rules</Filter>
    </CustomBuild>
    <CustomBuild Include="D:\pv\rebuild\CMakeFiles\dfafe6658e0e6721594bbc9d3054e071\vtkRemoteWriterHelperClientServer.cxx.rule">
      <Filter>CMake Rules</Filter>
    </CustomBuild>
    <CustomBuild Include="D:\pv\rebuild\CMakeFiles\dfafe6658e0e6721594bbc9d3054e071\vtkPVCatalystChannelInformationClientServer.cxx.rule">
      <Filter>CMake Rules</Filter>
    </CustomBuild>
    <CustomBuild Include="D:\pv\rebuild\CMakeFiles\dfafe6658e0e6721594bbc9d3054e071\vtkPVCatalystSessionCoreClientServer.cxx.rule">
      <Filter>CMake Rules</Filter>
    </CustomBuild>
    <CustomBuild Include="D:\pv\rebuild\CMakeFiles\dfafe6658e0e6721594bbc9d3054e071\vtkPVDataMoverClientServer.cxx.rule">
      <Filter>CMake Rules</Filter>
    </CustomBuild>
    <CustomBuild Include="D:\pv\rebuild\CMakeFiles\dfafe6658e0e6721594bbc9d3054e071\vtkPVFilePathEncodingHelperClientServer.cxx.rule">
      <Filter>CMake Rules</Filter>
    </CustomBuild>
    <CustomBuild Include="D:\pv\rebuild\CMakeFiles\dfafe6658e0e6721594bbc9d3054e071\vtkPVMultiClientsInformationClientServer.cxx.rule">
      <Filter>CMake Rules</Filter>
    </CustomBuild>
    <CustomBuild Include="D:\pv\rebuild\CMakeFiles\dfafe6658e0e6721594bbc9d3054e071\vtkPVProxyDefinitionIteratorClientServer.cxx.rule">
      <Filter>CMake Rules</Filter>
    </CustomBuild>
    <CustomBuild Include="D:\pv\rebuild\CMakeFiles\dfafe6658e0e6721594bbc9d3054e071\vtkPVSessionBaseClientServer.cxx.rule">
      <Filter>CMake Rules</Filter>
    </CustomBuild>
    <CustomBuild Include="D:\pv\rebuild\CMakeFiles\dfafe6658e0e6721594bbc9d3054e071\vtkPVSessionCoreClientServer.cxx.rule">
      <Filter>CMake Rules</Filter>
    </CustomBuild>
    <CustomBuild Include="D:\pv\rebuild\CMakeFiles\dfafe6658e0e6721594bbc9d3054e071\vtkPVSessionCoreInterpreterHelperClientServer.cxx.rule">
      <Filter>CMake Rules</Filter>
    </CustomBuild>
    <CustomBuild Include="D:\pv\rebuild\CMakeFiles\dfafe6658e0e6721594bbc9d3054e071\vtkPVSessionServerClientServer.cxx.rule">
      <Filter>CMake Rules</Filter>
    </CustomBuild>
    <CustomBuild Include="D:\pv\rebuild\CMakeFiles\dfafe6658e0e6721594bbc9d3054e071\vtkSIArraySelectionPropertyClientServer.cxx.rule">
      <Filter>CMake Rules</Filter>
    </CustomBuild>
    <CustomBuild Include="D:\pv\rebuild\CMakeFiles\dfafe6658e0e6721594bbc9d3054e071\vtkSICollaborationManagerClientServer.cxx.rule">
      <Filter>CMake Rules</Filter>
    </CustomBuild>
    <CustomBuild Include="D:\pv\rebuild\CMakeFiles\dfafe6658e0e6721594bbc9d3054e071\vtkSICompoundSourceProxyClientServer.cxx.rule">
      <Filter>CMake Rules</Filter>
    </CustomBuild>
    <CustomBuild Include="D:\pv\rebuild\CMakeFiles\dfafe6658e0e6721594bbc9d3054e071\vtkSIDataArrayPropertyClientServer.cxx.rule">
      <Filter>CMake Rules</Filter>
    </CustomBuild>
    <CustomBuild Include="D:\pv\rebuild\CMakeFiles\dfafe6658e0e6721594bbc9d3054e071\vtkSIDataArraySelectionPropertyClientServer.cxx.rule">
      <Filter>CMake Rules</Filter>
    </CustomBuild>
    <CustomBuild Include="D:\pv\rebuild\CMakeFiles\dfafe6658e0e6721594bbc9d3054e071\vtkSIDirectoryProxyClientServer.cxx.rule">
      <Filter>CMake Rules</Filter>
    </CustomBuild>
    <CustomBuild Include="D:\pv\rebuild\CMakeFiles\dfafe6658e0e6721594bbc9d3054e071\vtkSIDoubleMapPropertyClientServer.cxx.rule">
      <Filter>CMake Rules</Filter>
    </CustomBuild>
    <CustomBuild Include="D:\pv\rebuild\CMakeFiles\dfafe6658e0e6721594bbc9d3054e071\vtkSIDoubleVectorPropertyClientServer.cxx.rule">
      <Filter>CMake Rules</Filter>
    </CustomBuild>
    <CustomBuild Include="D:\pv\rebuild\CMakeFiles\dfafe6658e0e6721594bbc9d3054e071\vtkSIIdTypeVectorPropertyClientServer.cxx.rule">
      <Filter>CMake Rules</Filter>
    </CustomBuild>
    <CustomBuild Include="D:\pv\rebuild\CMakeFiles\dfafe6658e0e6721594bbc9d3054e071\vtkSIIndexSelectionPropertyClientServer.cxx.rule">
      <Filter>CMake Rules</Filter>
    </CustomBuild>
    <CustomBuild Include="D:\pv\rebuild\CMakeFiles\dfafe6658e0e6721594bbc9d3054e071\vtkSIInputPropertyClientServer.cxx.rule">
      <Filter>CMake Rules</Filter>
    </CustomBuild>
    <CustomBuild Include="D:\pv\rebuild\CMakeFiles\dfafe6658e0e6721594bbc9d3054e071\vtkSIIntVectorPropertyClientServer.cxx.rule">
      <Filter>CMake Rules</Filter>
    </CustomBuild>
    <CustomBuild Include="D:\pv\rebuild\CMakeFiles\dfafe6658e0e6721594bbc9d3054e071\vtkSIMetaReaderProxyClientServer.cxx.rule">
      <Filter>CMake Rules</Filter>
    </CustomBuild>
    <CustomBuild Include="D:\pv\rebuild\CMakeFiles\dfafe6658e0e6721594bbc9d3054e071\vtkSIMultiplexerSourceProxyClientServer.cxx.rule">
      <Filter>CMake Rules</Filter>
    </CustomBuild>
    <CustomBuild Include="D:\pv\rebuild\CMakeFiles\dfafe6658e0e6721594bbc9d3054e071\vtkSIObjectClientServer.cxx.rule">
      <Filter>CMake Rules</Filter>
    </CustomBuild>
    <CustomBuild Include="D:\pv\rebuild\CMakeFiles\dfafe6658e0e6721594bbc9d3054e071\vtkSIPropertyClientServer.cxx.rule">
      <Filter>CMake Rules</Filter>
    </CustomBuild>
    <CustomBuild Include="D:\pv\rebuild\CMakeFiles\dfafe6658e0e6721594bbc9d3054e071\vtkSIProxyClientServer.cxx.rule">
      <Filter>CMake Rules</Filter>
    </CustomBuild>
    <CustomBuild Include="D:\pv\rebuild\CMakeFiles\dfafe6658e0e6721594bbc9d3054e071\vtkSIProxyDefinitionManagerClientServer.cxx.rule">
      <Filter>CMake Rules</Filter>
    </CustomBuild>
    <CustomBuild Include="D:\pv\rebuild\CMakeFiles\dfafe6658e0e6721594bbc9d3054e071\vtkSIProxyPropertyClientServer.cxx.rule">
      <Filter>CMake Rules</Filter>
    </CustomBuild>
    <CustomBuild Include="D:\pv\rebuild\CMakeFiles\dfafe6658e0e6721594bbc9d3054e071\vtkSISourceProxyClientServer.cxx.rule">
      <Filter>CMake Rules</Filter>
    </CustomBuild>
    <CustomBuild Include="D:\pv\rebuild\CMakeFiles\dfafe6658e0e6721594bbc9d3054e071\vtkSIStringVectorPropertyClientServer.cxx.rule">
      <Filter>CMake Rules</Filter>
    </CustomBuild>
    <CustomBuild Include="D:\pv\rebuild\CMakeFiles\dfafe6658e0e6721594bbc9d3054e071\vtkSITimeLabelPropertyClientServer.cxx.rule">
      <Filter>CMake Rules</Filter>
    </CustomBuild>
    <CustomBuild Include="D:\pv\rebuild\CMakeFiles\dfafe6658e0e6721594bbc9d3054e071\vtkSITimeRangePropertyClientServer.cxx.rule">
      <Filter>CMake Rules</Filter>
    </CustomBuild>
    <CustomBuild Include="D:\pv\rebuild\CMakeFiles\dfafe6658e0e6721594bbc9d3054e071\vtkSITimeStepsPropertyClientServer.cxx.rule">
      <Filter>CMake Rules</Filter>
    </CustomBuild>
    <CustomBuild Include="D:\pv\rebuild\CMakeFiles\dfafe6658e0e6721594bbc9d3054e071\vtkSIVectorPropertyClientServer.cxx.rule">
      <Filter>CMake Rules</Filter>
    </CustomBuild>
    <CustomBuild Include="D:\pv\rebuild\CMakeFiles\dfafe6658e0e6721594bbc9d3054e071\vtkSIWriterProxyClientServer.cxx.rule">
      <Filter>CMake Rules</Filter>
    </CustomBuild>
    <CustomBuild Include="D:\pv\rebuild\CMakeFiles\dfafe6658e0e6721594bbc9d3054e071\vtkSMAMRLevelsDomainClientServer.cxx.rule">
      <Filter>CMake Rules</Filter>
    </CustomBuild>
    <CustomBuild Include="D:\pv\rebuild\CMakeFiles\dfafe6658e0e6721594bbc9d3054e071\vtkSMArrayListDomainClientServer.cxx.rule">
      <Filter>CMake Rules</Filter>
    </CustomBuild>
    <CustomBuild Include="D:\pv\rebuild\CMakeFiles\dfafe6658e0e6721594bbc9d3054e071\vtkSMArrayRangeDomainClientServer.cxx.rule">
      <Filter>CMake Rules</Filter>
    </CustomBuild>
    <CustomBuild Include="D:\pv\rebuild\CMakeFiles\dfafe6658e0e6721594bbc9d3054e071\vtkSMArraySelectionDomainClientServer.cxx.rule">
      <Filter>CMake Rules</Filter>
    </CustomBuild>
    <CustomBuild Include="D:\pv\rebuild\CMakeFiles\dfafe6658e0e6721594bbc9d3054e071\vtkSMBooleanDomainClientServer.cxx.rule">
      <Filter>CMake Rules</Filter>
    </CustomBuild>
    <CustomBuild Include="D:\pv\rebuild\CMakeFiles\dfafe6658e0e6721594bbc9d3054e071\vtkSMBoundsDomainClientServer.cxx.rule">
      <Filter>CMake Rules</Filter>
    </CustomBuild>
    <CustomBuild Include="D:\pv\rebuild\CMakeFiles\dfafe6658e0e6721594bbc9d3054e071\vtkSMCollaborationManagerClientServer.cxx.rule">
      <Filter>CMake Rules</Filter>
    </CustomBuild>
    <CustomBuild Include="D:\pv\rebuild\CMakeFiles\dfafe6658e0e6721594bbc9d3054e071\vtkSMCompositeTreeDomainClientServer.cxx.rule">
      <Filter>CMake Rules</Filter>
    </CustomBuild>
    <CustomBuild Include="D:\pv\rebuild\CMakeFiles\dfafe6658e0e6721594bbc9d3054e071\vtkSMCompoundProxyDefinitionLoaderClientServer.cxx.rule">
      <Filter>CMake Rules</Filter>
    </CustomBuild>
    <CustomBuild Include="D:\pv\rebuild\CMakeFiles\dfafe6658e0e6721594bbc9d3054e071\vtkSMCompoundSourceProxyClientServer.cxx.rule">
      <Filter>CMake Rules</Filter>
    </CustomBuild>
    <CustomBuild Include="D:\pv\rebuild\CMakeFiles\dfafe6658e0e6721594bbc9d3054e071\vtkSMCompoundSourceProxyDefinitionBuilderClientServer.cxx.rule">
      <Filter>CMake Rules</Filter>
    </CustomBuild>
    <CustomBuild Include="D:\pv\rebuild\CMakeFiles\dfafe6658e0e6721594bbc9d3054e071\vtkSMCoreUtilitiesClientServer.cxx.rule">
      <Filter>CMake Rules</Filter>
    </CustomBuild>
    <CustomBuild Include="D:\pv\rebuild\CMakeFiles\dfafe6658e0e6721594bbc9d3054e071\vtkSMDataAssemblyDomainClientServer.cxx.rule">
      <Filter>CMake Rules</Filter>
    </CustomBuild>
    <CustomBuild Include="D:\pv\rebuild\CMakeFiles\dfafe6658e0e6721594bbc9d3054e071\vtkSMDataAssemblyListDomainClientServer.cxx.rule">
      <Filter>CMake Rules</Filter>
    </CustomBuild>
    <CustomBuild Include="D:\pv\rebuild\CMakeFiles\dfafe6658e0e6721594bbc9d3054e071\vtkSMDataExtractWriterProxyClientServer.cxx.rule">
      <Filter>CMake Rules</Filter>
    </CustomBuild>
    <CustomBuild Include="D:\pv\rebuild\CMakeFiles\dfafe6658e0e6721594bbc9d3054e071\vtkSMDataSourceProxyClientServer.cxx.rule">
      <Filter>CMake Rules</Filter>
    </CustomBuild>
    <CustomBuild Include="D:\pv\rebuild\CMakeFiles\dfafe6658e0e6721594bbc9d3054e071\vtkSMDataTypeDomainClientServer.cxx.rule">
      <Filter>CMake Rules</Filter>
    </CustomBuild>
    <CustomBuild Include="D:\pv\rebuild\CMakeFiles\dfafe6658e0e6721594bbc9d3054e071\vtkSMDataTypeQueryDomainClientServer.cxx.rule">
      <Filter>CMake Rules</Filter>
    </CustomBuild>
    <CustomBuild Include="D:\pv\rebuild\CMakeFiles\dfafe6658e0e6721594bbc9d3054e071\vtkSMDeserializerClientServer.cxx.rule">
      <Filter>CMake Rules</Filter>
    </CustomBuild>
    <CustomBuild Include="D:\pv\rebuild\CMakeFiles\dfafe6658e0e6721594bbc9d3054e071\vtkSMDeserializerProtobufClientServer.cxx.rule">
      <Filter>CMake Rules</Filter>
    </CustomBuild>
    <CustomBuild Include="D:\pv\rebuild\CMakeFiles\dfafe6658e0e6721594bbc9d3054e071\vtkSMDeserializerXMLClientServer.cxx.rule">
      <Filter>CMake Rules</Filter>
    </CustomBuild>
    <CustomBuild Include="D:\pv\rebuild\CMakeFiles\dfafe6658e0e6721594bbc9d3054e071\vtkSMDeserializerXMLCacheClientServer.cxx.rule">
      <Filter>CMake Rules</Filter>
    </CustomBuild>
    <CustomBuild Include="D:\pv\rebuild\CMakeFiles\dfafe6658e0e6721594bbc9d3054e071\vtkSMDimensionsDomainClientServer.cxx.rule">
      <Filter>CMake Rules</Filter>
    </CustomBuild>
    <CustomBuild Include="D:\pv\rebuild\CMakeFiles\dfafe6658e0e6721594bbc9d3054e071\vtkSMDirectoryProxyClientServer.cxx.rule">
      <Filter>CMake Rules</Filter>
    </CustomBuild>
    <CustomBuild Include="D:\pv\rebuild\CMakeFiles\dfafe6658e0e6721594bbc9d3054e071\vtkSMDiscreteDoubleDomainClientServer.cxx.rule">
      <Filter>CMake Rules</Filter>
    </CustomBuild>
    <CustomBuild Include="D:\pv\rebuild\CMakeFiles\dfafe6658e0e6721594bbc9d3054e071\vtkSMDocumentationClientServer.cxx.rule">
      <Filter>CMake Rules</Filter>
    </CustomBuild>
    <CustomBuild Include="D:\pv\rebuild\CMakeFiles\dfafe6658e0e6721594bbc9d3054e071\vtkSMDomainClientServer.cxx.rule">
      <Filter>CMake Rules</Filter>
    </CustomBuild>
    <CustomBuild Include="D:\pv\rebuild\CMakeFiles\dfafe6658e0e6721594bbc9d3054e071\vtkSMDomainIteratorClientServer.cxx.rule">
      <Filter>CMake Rules</Filter>
    </CustomBuild>
    <CustomBuild Include="D:\pv\rebuild\CMakeFiles\dfafe6658e0e6721594bbc9d3054e071\vtkSMDoubleMapPropertyClientServer.cxx.rule">
      <Filter>CMake Rules</Filter>
    </CustomBuild>
    <CustomBuild Include="D:\pv\rebuild\CMakeFiles\dfafe6658e0e6721594bbc9d3054e071\vtkSMDoubleMapPropertyIteratorClientServer.cxx.rule">
      <Filter>CMake Rules</Filter>
    </CustomBuild>
    <CustomBuild Include="D:\pv\rebuild\CMakeFiles\dfafe6658e0e6721594bbc9d3054e071\vtkSMDoubleRangeDomainClientServer.cxx.rule">
      <Filter>CMake Rules</Filter>
    </CustomBuild>
    <CustomBuild Include="D:\pv\rebuild\CMakeFiles\dfafe6658e0e6721594bbc9d3054e071\vtkSMDoubleVectorPropertyClientServer.cxx.rule">
      <Filter>CMake Rules</Filter>
    </CustomBuild>
    <CustomBuild Include="D:\pv\rebuild\CMakeFiles\dfafe6658e0e6721594bbc9d3054e071\vtkSMEnumerationDomainClientServer.cxx.rule">
      <Filter>CMake Rules</Filter>
    </CustomBuild>
    <CustomBuild Include="D:\pv\rebuild\CMakeFiles\dfafe6658e0e6721594bbc9d3054e071\vtkSMExtentDomainClientServer.cxx.rule">
      <Filter>CMake Rules</Filter>
    </CustomBuild>
    <CustomBuild Include="D:\pv\rebuild\CMakeFiles\dfafe6658e0e6721594bbc9d3054e071\vtkSMExtractsControllerClientServer.cxx.rule">
      <Filter>CMake Rules</Filter>
    </CustomBuild>
    <CustomBuild Include="D:\pv\rebuild\CMakeFiles\dfafe6658e0e6721594bbc9d3054e071\vtkSMExtractTriggerProxyClientServer.cxx.rule">
      <Filter>CMake Rules</Filter>
    </CustomBuild>
    <CustomBuild Include="D:\pv\rebuild\CMakeFiles\dfafe6658e0e6721594bbc9d3054e071\vtkSMExtractWriterProxyClientServer.cxx.rule">
      <Filter>CMake Rules</Filter>
    </CustomBuild>
    <CustomBuild Include="D:\pv\rebuild\CMakeFiles\dfafe6658e0e6721594bbc9d3054e071\vtkSMFieldDataDomainClientServer.cxx.rule">
      <Filter>CMake Rules</Filter>
    </CustomBuild>
    <CustomBuild Include="D:\pv\rebuild\CMakeFiles\dfafe6658e0e6721594bbc9d3054e071\vtkSMFileListDomainClientServer.cxx.rule">
      <Filter>CMake Rules</Filter>
    </CustomBuild>
    <CustomBuild Include="D:\pv\rebuild\CMakeFiles\dfafe6658e0e6721594bbc9d3054e071\vtkSMFileUtilitiesClientServer.cxx.rule">
      <Filter>CMake Rules</Filter>
    </CustomBuild>
    <CustomBuild Include="D:\pv\rebuild\CMakeFiles\dfafe6658e0e6721594bbc9d3054e071\vtkSMFixedTypeDomainClientServer.cxx.rule">
      <Filter>CMake Rules</Filter>
    </CustomBuild>
    <CustomBuild Include="D:\pv\rebuild\CMakeFiles\dfafe6658e0e6721594bbc9d3054e071\vtkSMIdTypeVectorPropertyClientServer.cxx.rule">
      <Filter>CMake Rules</Filter>
    </CustomBuild>
    <CustomBuild Include="D:\pv\rebuild\CMakeFiles\dfafe6658e0e6721594bbc9d3054e071\vtkSMIndexSelectionDomainClientServer.cxx.rule">
      <Filter>CMake Rules</Filter>
    </CustomBuild>
    <CustomBuild Include="D:\pv\rebuild\CMakeFiles\dfafe6658e0e6721594bbc9d3054e071\vtkSMInputArrayDomainClientServer.cxx.rule">
      <Filter>CMake Rules</Filter>
    </CustomBuild>
    <CustomBuild Include="D:\pv\rebuild\CMakeFiles\dfafe6658e0e6721594bbc9d3054e071\vtkSMInputFileNameDomainClientServer.cxx.rule">
      <Filter>CMake Rules</Filter>
    </CustomBuild>
    <CustomBuild Include="D:\pv\rebuild\CMakeFiles\dfafe6658e0e6721594bbc9d3054e071\vtkSMInputPropertyClientServer.cxx.rule">
      <Filter>CMake Rules</Filter>
    </CustomBuild>
    <CustomBuild Include="D:\pv\rebuild\CMakeFiles\dfafe6658e0e6721594bbc9d3054e071\vtkSMIntRangeDomainClientServer.cxx.rule">
      <Filter>CMake Rules</Filter>
    </CustomBuild>
    <CustomBuild Include="D:\pv\rebuild\CMakeFiles\dfafe6658e0e6721594bbc9d3054e071\vtkSMIntVectorPropertyClientServer.cxx.rule">
      <Filter>CMake Rules</Filter>
    </CustomBuild>
    <CustomBuild Include="D:\pv\rebuild\CMakeFiles\dfafe6658e0e6721594bbc9d3054e071\vtkSMLinkClientServer.cxx.rule">
      <Filter>CMake Rules</Filter>
    </CustomBuild>
    <CustomBuild Include="D:\pv\rebuild\CMakeFiles\dfafe6658e0e6721594bbc9d3054e071\vtkSMLoadStateOptionsProxyClientServer.cxx.rule">
      <Filter>CMake Rules</Filter>
    </CustomBuild>
    <CustomBuild Include="D:\pv\rebuild\CMakeFiles\dfafe6658e0e6721594bbc9d3054e071\vtkSMMapPropertyClientServer.cxx.rule">
      <Filter>CMake Rules</Filter>
    </CustomBuild>
    <CustomBuild Include="D:\pv\rebuild\CMakeFiles\dfafe6658e0e6721594bbc9d3054e071\vtkSMMessageClientServer.cxx.rule">
      <Filter>CMake Rules</Filter>
    </CustomBuild>
    <CustomBuild Include="D:\pv\rebuild\CMakeFiles\dfafe6658e0e6721594bbc9d3054e071\vtkSMMultiplexerSourceProxyClientServer.cxx.rule">
      <Filter>CMake Rules</Filter>
    </CustomBuild>
    <CustomBuild Include="D:\pv\rebuild\CMakeFiles\dfafe6658e0e6721594bbc9d3054e071\vtkSMMultiplexerInputDomainClientServer.cxx.rule">
      <Filter>CMake Rules</Filter>
    </CustomBuild>
    <CustomBuild Include="D:\pv\rebuild\CMakeFiles\dfafe6658e0e6721594bbc9d3054e071\vtkSMNamedPropertyIteratorClientServer.cxx.rule">
      <Filter>CMake Rules</Filter>
    </CustomBuild>
    <CustomBuild Include="D:\pv\rebuild\CMakeFiles\dfafe6658e0e6721594bbc9d3054e071\vtkSMNullProxyClientServer.cxx.rule">
      <Filter>CMake Rules</Filter>
    </CustomBuild>
    <CustomBuild Include="D:\pv\rebuild\CMakeFiles\dfafe6658e0e6721594bbc9d3054e071\vtkSMNumberOfComponentsDomainClientServer.cxx.rule">
      <Filter>CMake Rules</Filter>
    </CustomBuild>
    <CustomBuild Include="D:\pv\rebuild\CMakeFiles\dfafe6658e0e6721594bbc9d3054e071\vtkSMObjectClientServer.cxx.rule">
      <Filter>CMake Rules</Filter>
    </CustomBuild>
    <CustomBuild Include="D:\pv\rebuild\CMakeFiles\dfafe6658e0e6721594bbc9d3054e071\vtkSMOrderedPropertyIteratorClientServer.cxx.rule">
      <Filter>CMake Rules</Filter>
    </CustomBuild>
    <CustomBuild Include="D:\pv\rebuild\CMakeFiles\dfafe6658e0e6721594bbc9d3054e071\vtkSMOutputPortClientServer.cxx.rule">
      <Filter>CMake Rules</Filter>
    </CustomBuild>
    <CustomBuild Include="D:\pv\rebuild\CMakeFiles\dfafe6658e0e6721594bbc9d3054e071\vtkSMParaViewPipelineControllerClientServer.cxx.rule">
      <Filter>CMake Rules</Filter>
    </CustomBuild>
    <CustomBuild Include="D:\pv\rebuild\CMakeFiles\dfafe6658e0e6721594bbc9d3054e071\vtkSMPipelineStateClientServer.cxx.rule">
      <Filter>CMake Rules</Filter>
    </CustomBuild>
    <CustomBuild Include="D:\pv\rebuild\CMakeFiles\dfafe6658e0e6721594bbc9d3054e071\vtkSMPluginLoaderProxyClientServer.cxx.rule">
      <Filter>CMake Rules</Filter>
    </CustomBuild>
    <CustomBuild Include="D:\pv\rebuild\CMakeFiles\dfafe6658e0e6721594bbc9d3054e071\vtkSMPluginManagerClientServer.cxx.rule">
      <Filter>CMake Rules</Filter>
    </CustomBuild>
    <CustomBuild Include="D:\pv\rebuild\CMakeFiles\dfafe6658e0e6721594bbc9d3054e071\vtkSMPropertyClientServer.cxx.rule">
      <Filter>CMake Rules</Filter>
    </CustomBuild>
    <CustomBuild Include="D:\pv\rebuild\CMakeFiles\dfafe6658e0e6721594bbc9d3054e071\vtkSMPropertyGroupClientServer.cxx.rule">
      <Filter>CMake Rules</Filter>
    </CustomBuild>
    <CustomBuild Include="D:\pv\rebuild\CMakeFiles\dfafe6658e0e6721594bbc9d3054e071\vtkSMPropertyHelperClientServer.cxx.rule">
      <Filter>CMake Rules</Filter>
    </CustomBuild>
    <CustomBuild Include="D:\pv\rebuild\CMakeFiles\dfafe6658e0e6721594bbc9d3054e071\vtkSMPropertyIteratorClientServer.cxx.rule">
      <Filter>CMake Rules</Filter>
    </CustomBuild>
    <CustomBuild Include="D:\pv\rebuild\CMakeFiles\dfafe6658e0e6721594bbc9d3054e071\vtkSMPropertyLinkClientServer.cxx.rule">
      <Filter>CMake Rules</Filter>
    </CustomBuild>
    <CustomBuild Include="D:\pv\rebuild\CMakeFiles\dfafe6658e0e6721594bbc9d3054e071\vtkSMPropertyModificationUndoElementClientServer.cxx.rule">
      <Filter>CMake Rules</Filter>
    </CustomBuild>
    <CustomBuild Include="D:\pv\rebuild\CMakeFiles\dfafe6658e0e6721594bbc9d3054e071\vtkSMProxyClientServer.cxx.rule">
      <Filter>CMake Rules</Filter>
    </CustomBuild>
    <CustomBuild Include="D:\pv\rebuild\CMakeFiles\dfafe6658e0e6721594bbc9d3054e071\vtkSMProxyDefinitionManagerClientServer.cxx.rule">
      <Filter>CMake Rules</Filter>
    </CustomBuild>
    <CustomBuild Include="D:\pv\rebuild\CMakeFiles\dfafe6658e0e6721594bbc9d3054e071\vtkSMProxyGroupDomainClientServer.cxx.rule">
      <Filter>CMake Rules</Filter>
    </CustomBuild>
    <CustomBuild Include="D:\pv\rebuild\CMakeFiles\dfafe6658e0e6721594bbc9d3054e071\vtkSMProxyInitializationHelperClientServer.cxx.rule">
      <Filter>CMake Rules</Filter>
    </CustomBuild>
    <CustomBuild Include="D:\pv\rebuild\CMakeFiles\dfafe6658e0e6721594bbc9d3054e071\vtkSMProxyIteratorClientServer.cxx.rule">
      <Filter>CMake Rules</Filter>
    </CustomBuild>
    <CustomBuild Include="D:\pv\rebuild\CMakeFiles\dfafe6658e0e6721594bbc9d3054e071\vtkSMProxyLinkClientServer.cxx.rule">
      <Filter>CMake Rules</Filter>
    </CustomBuild>
    <CustomBuild Include="D:\pv\rebuild\CMakeFiles\dfafe6658e0e6721594bbc9d3054e071\vtkSMProxyListDomainClientServer.cxx.rule">
      <Filter>CMake Rules</Filter>
    </CustomBuild>
    <CustomBuild Include="D:\pv\rebuild\CMakeFiles\dfafe6658e0e6721594bbc9d3054e071\vtkSMProxyLocatorClientServer.cxx.rule">
      <Filter>CMake Rules</Filter>
    </CustomBuild>
    <CustomBuild Include="D:\pv\rebuild\CMakeFiles\dfafe6658e0e6721594bbc9d3054e071\vtkSMProxyManagerClientServer.cxx.rule">
      <Filter>CMake Rules</Filter>
    </CustomBuild>
    <CustomBuild Include="D:\pv\rebuild\CMakeFiles\dfafe6658e0e6721594bbc9d3054e071\vtkSMProxyManagerUtilitiesClientServer.cxx.rule">
      <Filter>CMake Rules</Filter>
    </CustomBuild>
    <CustomBuild Include="D:\pv\rebuild\CMakeFiles\dfafe6658e0e6721594bbc9d3054e071\vtkSMProxyPropertyClientServer.cxx.rule">
      <Filter>CMake Rules</Filter>
    </CustomBuild>
    <CustomBuild Include="D:\pv\rebuild\CMakeFiles\dfafe6658e0e6721594bbc9d3054e071\vtkSMProxySelectionModelClientServer.cxx.rule">
      <Filter>CMake Rules</Filter>
    </CustomBuild>
    <CustomBuild Include="D:\pv\rebuild\CMakeFiles\dfafe6658e0e6721594bbc9d3054e071\vtkSMPSWriterProxyClientServer.cxx.rule">
      <Filter>CMake Rules</Filter>
    </CustomBuild>
    <CustomBuild Include="D:\pv\rebuild\CMakeFiles\dfafe6658e0e6721594bbc9d3054e071\vtkSMPWriterProxyClientServer.cxx.rule">
      <Filter>CMake Rules</Filter>
    </CustomBuild>
    <CustomBuild Include="D:\pv\rebuild\CMakeFiles\dfafe6658e0e6721594bbc9d3054e071\vtkSMReaderFactoryClientServer.cxx.rule">
      <Filter>CMake Rules</Filter>
    </CustomBuild>
    <CustomBuild Include="D:\pv\rebuild\CMakeFiles\dfafe6658e0e6721594bbc9d3054e071\vtkSMReaderReloadHelperClientServer.cxx.rule">
      <Filter>CMake Rules</Filter>
    </CustomBuild>
    <CustomBuild Include="D:\pv\rebuild\CMakeFiles\dfafe6658e0e6721594bbc9d3054e071\vtkSMRegistrationNamesDomainClientServer.cxx.rule">
      <Filter>CMake Rules</Filter>
    </CustomBuild>
    <CustomBuild Include="D:\pv\rebuild\CMakeFiles\dfafe6658e0e6721594bbc9d3054e071\vtkSMRemoteObjectClientServer.cxx.rule">
      <Filter>CMake Rules</Filter>
    </CustomBuild>
    <CustomBuild Include="D:\pv\rebuild\CMakeFiles\dfafe6658e0e6721594bbc9d3054e071\vtkSMRemoteObjectUpdateUndoElementClientServer.cxx.rule">
      <Filter>CMake Rules</Filter>
    </CustomBuild>
    <CustomBuild Include="D:\pv\rebuild\CMakeFiles\dfafe6658e0e6721594bbc9d3054e071\vtkSMSelectionQueryDomainClientServer.cxx.rule">
      <Filter>CMake Rules</Filter>
    </CustomBuild>
    <CustomBuild Include="D:\pv\rebuild\CMakeFiles\dfafe6658e0e6721594bbc9d3054e071\vtkSMSelfGeneratingSourceProxyClientServer.cxx.rule">
      <Filter>CMake Rules</Filter>
    </CustomBuild>
    <CustomBuild Include="D:\pv\rebuild\CMakeFiles\dfafe6658e0e6721594bbc9d3054e071\vtkSMServerStateLocatorClientServer.cxx.rule">
      <Filter>CMake Rules</Filter>
    </CustomBuild>
    <CustomBuild Include="D:\pv\rebuild\CMakeFiles\dfafe6658e0e6721594bbc9d3054e071\vtkSMSessionClientServer.cxx.rule">
      <Filter>CMake Rules</Filter>
    </CustomBuild>
    <CustomBuild Include="D:\pv\rebuild\CMakeFiles\dfafe6658e0e6721594bbc9d3054e071\vtkSMSessionClientClientServer.cxx.rule">
      <Filter>CMake Rules</Filter>
    </CustomBuild>
    <CustomBuild Include="D:\pv\rebuild\CMakeFiles\dfafe6658e0e6721594bbc9d3054e071\vtkSMSessionObjectClientServer.cxx.rule">
      <Filter>CMake Rules</Filter>
    </CustomBuild>
    <CustomBuild Include="D:\pv\rebuild\CMakeFiles\dfafe6658e0e6721594bbc9d3054e071\vtkSMSessionProxyManagerClientServer.cxx.rule">
      <Filter>CMake Rules</Filter>
    </CustomBuild>
    <CustomBuild Include="D:\pv\rebuild\CMakeFiles\dfafe6658e0e6721594bbc9d3054e071\vtkSMSettingsClientServer.cxx.rule">
      <Filter>CMake Rules</Filter>
    </CustomBuild>
    <CustomBuild Include="D:\pv\rebuild\CMakeFiles\dfafe6658e0e6721594bbc9d3054e071\vtkSMSettingsProxyClientServer.cxx.rule">
      <Filter>CMake Rules</Filter>
    </CustomBuild>
    <CustomBuild Include="D:\pv\rebuild\CMakeFiles\dfafe6658e0e6721594bbc9d3054e071\vtkSMSourceProxyClientServer.cxx.rule">
      <Filter>CMake Rules</Filter>
    </CustomBuild>
    <CustomBuild Include="D:\pv\rebuild\CMakeFiles\dfafe6658e0e6721594bbc9d3054e071\vtkSMStateLoaderClientServer.cxx.rule">
      <Filter>CMake Rules</Filter>
    </CustomBuild>
    <CustomBuild Include="D:\pv\rebuild\CMakeFiles\dfafe6658e0e6721594bbc9d3054e071\vtkSMStateLocatorClientServer.cxx.rule">
      <Filter>CMake Rules</Filter>
    </CustomBuild>
    <CustomBuild Include="D:\pv\rebuild\CMakeFiles\dfafe6658e0e6721594bbc9d3054e071\vtkSMStateVersionControllerClientServer.cxx.rule">
      <Filter>CMake Rules</Filter>
    </CustomBuild>
    <CustomBuild Include="D:\pv\rebuild\CMakeFiles\dfafe6658e0e6721594bbc9d3054e071\vtkSMStringListDomainClientServer.cxx.rule">
      <Filter>CMake Rules</Filter>
    </CustomBuild>
    <CustomBuild Include="D:\pv\rebuild\CMakeFiles\dfafe6658e0e6721594bbc9d3054e071\vtkSMStringVectorPropertyClientServer.cxx.rule">
      <Filter>CMake Rules</Filter>
    </CustomBuild>
    <CustomBuild Include="D:\pv\rebuild\CMakeFiles\dfafe6658e0e6721594bbc9d3054e071\vtkSMTimeKeeperClientServer.cxx.rule">
      <Filter>CMake Rules</Filter>
    </CustomBuild>
    <CustomBuild Include="D:\pv\rebuild\CMakeFiles\dfafe6658e0e6721594bbc9d3054e071\vtkSMTimeKeeperProxyClientServer.cxx.rule">
      <Filter>CMake Rules</Filter>
    </CustomBuild>
    <CustomBuild Include="D:\pv\rebuild\CMakeFiles\dfafe6658e0e6721594bbc9d3054e071\vtkSMTimeStepIndexDomainClientServer.cxx.rule">
      <Filter>CMake Rules</Filter>
    </CustomBuild>
    <CustomBuild Include="D:\pv\rebuild\CMakeFiles\dfafe6658e0e6721594bbc9d3054e071\vtkSMTimeStepsDomainClientServer.cxx.rule">
      <Filter>CMake Rules</Filter>
    </CustomBuild>
    <CustomBuild Include="D:\pv\rebuild\CMakeFiles\dfafe6658e0e6721594bbc9d3054e071\vtkSMTraceClientServer.cxx.rule">
      <Filter>CMake Rules</Filter>
    </CustomBuild>
    <CustomBuild Include="D:\pv\rebuild\CMakeFiles\dfafe6658e0e6721594bbc9d3054e071\vtkSMUncheckedPropertyHelperClientServer.cxx.rule">
      <Filter>CMake Rules</Filter>
    </CustomBuild>
    <CustomBuild Include="D:\pv\rebuild\CMakeFiles\dfafe6658e0e6721594bbc9d3054e071\vtkSMUndoElementClientServer.cxx.rule">
      <Filter>CMake Rules</Filter>
    </CustomBuild>
    <CustomBuild Include="D:\pv\rebuild\CMakeFiles\dfafe6658e0e6721594bbc9d3054e071\vtkSMUndoStackClientServer.cxx.rule">
      <Filter>CMake Rules</Filter>
    </CustomBuild>
    <CustomBuild Include="D:\pv\rebuild\CMakeFiles\dfafe6658e0e6721594bbc9d3054e071\vtkSMUndoStackBuilderClientServer.cxx.rule">
      <Filter>CMake Rules</Filter>
    </CustomBuild>
    <CustomBuild Include="D:\pv\rebuild\CMakeFiles\dfafe6658e0e6721594bbc9d3054e071\vtkSMVectorPropertyClientServer.cxx.rule">
      <Filter>CMake Rules</Filter>
    </CustomBuild>
    <CustomBuild Include="D:\pv\rebuild\CMakeFiles\dfafe6658e0e6721594bbc9d3054e071\vtkSMWriterFactoryClientServer.cxx.rule">
      <Filter>CMake Rules</Filter>
    </CustomBuild>
    <CustomBuild Include="D:\pv\rebuild\CMakeFiles\dfafe6658e0e6721594bbc9d3054e071\vtkSMWriterProxyClientServer.cxx.rule">
      <Filter>CMake Rules</Filter>
    </CustomBuild>
    <CustomBuild Include="D:\pv\rebuild\CMakeFiles\dfafe6658e0e6721594bbc9d3054e071\vtkSIVectorPropertyTemplateClientServer.cxx.rule">
      <Filter>CMake Rules</Filter>
    </CustomBuild>
    <CustomBuild Include="D:\pv\rebuild\CMakeFiles\dfafe6658e0e6721594bbc9d3054e071\vtkSMRangeDomainTemplateClientServer.cxx.rule">
      <Filter>CMake Rules</Filter>
    </CustomBuild>
    <CustomBuild Include="D:\pv\ParaView\CMakeLists.txt" />
  </ItemGroup>
  <ItemGroup>
    <Filter Include="CMake Rules">
      <UniqueIdentifier>{FEFA764E-8736-3FD4-9B90-BE7174AE3DEA}</UniqueIdentifier>
    </Filter>
    <Filter Include="Source Files">
      <UniqueIdentifier>{CE016C83-18D7-3CBD-A2E7-E2EB93EA0748}</UniqueIdentifier>
    </Filter>
  </ItemGroup>
</Project>
