<?xml version="1.0" encoding="utf-8"?>
<Project ToolsVersion="16.0" xmlns="http://schemas.microsoft.com/developer/msbuild/2003">
  <ItemGroup>
    <ClCompile Include="D:\pv\rebuild\CMakeFiles\vtkRenderingContextOpenGL2CS\vtkOpenGLContextActorClientServer.cxx">
      <Filter>Source Files</Filter>
    </ClCompile>
    <ClCompile Include="D:\pv\rebuild\CMakeFiles\vtkRenderingContextOpenGL2CS\vtkOpenGLContextBufferIdClientServer.cxx">
      <Filter>Source Files</Filter>
    </ClCompile>
    <ClCompile Include="D:\pv\rebuild\CMakeFiles\vtkRenderingContextOpenGL2CS\vtkOpenGLContextDevice2DClientServer.cxx">
      <Filter>Source Files</Filter>
    </ClCompile>
    <ClCompile Include="D:\pv\rebuild\CMakeFiles\vtkRenderingContextOpenGL2CS\vtkOpenGLContextDevice3DClientServer.cxx">
      <Filter>Source Files</Filter>
    </ClCompile>
    <ClCompile Include="D:\pv\rebuild\CMakeFiles\vtkRenderingContextOpenGL2CS\vtkOpenGLPropItemClientServer.cxx">
      <Filter>Source Files</Filter>
    </ClCompile>
    <ClCompile Include="D:\pv\rebuild\CMakeFiles\vtkRenderingContextOpenGL2CSInit.cxx">
      <Filter>Source Files</Filter>
    </ClCompile>
  </ItemGroup>
  <ItemGroup>
    <CustomBuild Include="D:\pv\rebuild\CMakeFiles\642e245e279d1e3781edb6780c6bba96\vtkOpenGLContextActorClientServer.cxx.rule">
      <Filter>CMake Rules</Filter>
    </CustomBuild>
    <CustomBuild Include="D:\pv\rebuild\CMakeFiles\642e245e279d1e3781edb6780c6bba96\vtkOpenGLContextBufferIdClientServer.cxx.rule">
      <Filter>CMake Rules</Filter>
    </CustomBuild>
    <CustomBuild Include="D:\pv\rebuild\CMakeFiles\642e245e279d1e3781edb6780c6bba96\vtkOpenGLContextDevice2DClientServer.cxx.rule">
      <Filter>CMake Rules</Filter>
    </CustomBuild>
    <CustomBuild Include="D:\pv\rebuild\CMakeFiles\642e245e279d1e3781edb6780c6bba96\vtkOpenGLContextDevice3DClientServer.cxx.rule">
      <Filter>CMake Rules</Filter>
    </CustomBuild>
    <CustomBuild Include="D:\pv\rebuild\CMakeFiles\642e245e279d1e3781edb6780c6bba96\vtkOpenGLPropItemClientServer.cxx.rule">
      <Filter>CMake Rules</Filter>
    </CustomBuild>
    <CustomBuild Include="D:\pv\ParaView\CMakeLists.txt" />
  </ItemGroup>
  <ItemGroup>
    <Filter Include="CMake Rules">
      <UniqueIdentifier>{FEFA764E-8736-3FD4-9B90-BE7174AE3DEA}</UniqueIdentifier>
    </Filter>
    <Filter Include="Source Files">
      <UniqueIdentifier>{CE016C83-18D7-3CBD-A2E7-E2EB93EA0748}</UniqueIdentifier>
    </Filter>
  </ItemGroup>
</Project>
