<?xml version="1.0" encoding="utf-8"?>
<Project ToolsVersion="16.0" xmlns="http://schemas.microsoft.com/developer/msbuild/2003">
  <ItemGroup>
    <ClCompile Include="D:\pv\ParaView\VTK\Common\Transforms\vtkAbstractTransform.cxx">
      <Filter>Source Files</Filter>
    </ClCompile>
    <ClCompile Include="D:\pv\ParaView\VTK\Common\Transforms\vtkCylindricalTransform.cxx">
      <Filter>Source Files</Filter>
    </ClCompile>
    <ClCompile Include="D:\pv\ParaView\VTK\Common\Transforms\vtkGeneralTransform.cxx">
      <Filter>Source Files</Filter>
    </ClCompile>
    <ClCompile Include="D:\pv\ParaView\VTK\Common\Transforms\vtkHomogeneousTransform.cxx">
      <Filter>Source Files</Filter>
    </ClCompile>
    <ClCompile Include="D:\pv\ParaView\VTK\Common\Transforms\vtkIdentityTransform.cxx">
      <Filter>Source Files</Filter>
    </ClCompile>
    <ClCompile Include="D:\pv\ParaView\VTK\Common\Transforms\vtkLandmarkTransform.cxx">
      <Filter>Source Files</Filter>
    </ClCompile>
    <ClCompile Include="D:\pv\ParaView\VTK\Common\Transforms\vtkLinearTransform.cxx">
      <Filter>Source Files</Filter>
    </ClCompile>
    <ClCompile Include="D:\pv\ParaView\VTK\Common\Transforms\vtkMatrixToHomogeneousTransform.cxx">
      <Filter>Source Files</Filter>
    </ClCompile>
    <ClCompile Include="D:\pv\ParaView\VTK\Common\Transforms\vtkMatrixToLinearTransform.cxx">
      <Filter>Source Files</Filter>
    </ClCompile>
    <ClCompile Include="D:\pv\ParaView\VTK\Common\Transforms\vtkPerspectiveTransform.cxx">
      <Filter>Source Files</Filter>
    </ClCompile>
    <ClCompile Include="D:\pv\ParaView\VTK\Common\Transforms\vtkSphericalTransform.cxx">
      <Filter>Source Files</Filter>
    </ClCompile>
    <ClCompile Include="D:\pv\ParaView\VTK\Common\Transforms\vtkThinPlateSplineTransform.cxx">
      <Filter>Source Files</Filter>
    </ClCompile>
    <ClCompile Include="D:\pv\ParaView\VTK\Common\Transforms\vtkTransform.cxx">
      <Filter>Source Files</Filter>
    </ClCompile>
    <ClCompile Include="D:\pv\ParaView\VTK\Common\Transforms\vtkTransform2D.cxx">
      <Filter>Source Files</Filter>
    </ClCompile>
    <ClCompile Include="D:\pv\ParaView\VTK\Common\Transforms\vtkTransformCollection.cxx">
      <Filter>Source Files</Filter>
    </ClCompile>
    <ClCompile Include="D:\pv\ParaView\VTK\Common\Transforms\vtkWarpTransform.cxx">
      <Filter>Source Files</Filter>
    </ClCompile>
  </ItemGroup>
  <ItemGroup>
    <ClInclude Include="D:\pv\ParaView\VTK\Common\Transforms\vtkAbstractTransform.h">
      <Filter>Header Files</Filter>
    </ClInclude>
    <ClInclude Include="D:\pv\ParaView\VTK\Common\Transforms\vtkCylindricalTransform.h">
      <Filter>Header Files</Filter>
    </ClInclude>
    <ClInclude Include="D:\pv\ParaView\VTK\Common\Transforms\vtkGeneralTransform.h">
      <Filter>Header Files</Filter>
    </ClInclude>
    <ClInclude Include="D:\pv\ParaView\VTK\Common\Transforms\vtkHomogeneousTransform.h">
      <Filter>Header Files</Filter>
    </ClInclude>
    <ClInclude Include="D:\pv\ParaView\VTK\Common\Transforms\vtkIdentityTransform.h">
      <Filter>Header Files</Filter>
    </ClInclude>
    <ClInclude Include="D:\pv\ParaView\VTK\Common\Transforms\vtkLandmarkTransform.h">
      <Filter>Header Files</Filter>
    </ClInclude>
    <ClInclude Include="D:\pv\ParaView\VTK\Common\Transforms\vtkLinearTransform.h">
      <Filter>Header Files</Filter>
    </ClInclude>
    <ClInclude Include="D:\pv\ParaView\VTK\Common\Transforms\vtkMatrixToHomogeneousTransform.h">
      <Filter>Header Files</Filter>
    </ClInclude>
    <ClInclude Include="D:\pv\ParaView\VTK\Common\Transforms\vtkMatrixToLinearTransform.h">
      <Filter>Header Files</Filter>
    </ClInclude>
    <ClInclude Include="D:\pv\ParaView\VTK\Common\Transforms\vtkPerspectiveTransform.h">
      <Filter>Header Files</Filter>
    </ClInclude>
    <ClInclude Include="D:\pv\ParaView\VTK\Common\Transforms\vtkSphericalTransform.h">
      <Filter>Header Files</Filter>
    </ClInclude>
    <ClInclude Include="D:\pv\ParaView\VTK\Common\Transforms\vtkThinPlateSplineTransform.h">
      <Filter>Header Files</Filter>
    </ClInclude>
    <ClInclude Include="D:\pv\ParaView\VTK\Common\Transforms\vtkTransform.h">
      <Filter>Header Files</Filter>
    </ClInclude>
    <ClInclude Include="D:\pv\ParaView\VTK\Common\Transforms\vtkTransform2D.h">
      <Filter>Header Files</Filter>
    </ClInclude>
    <ClInclude Include="D:\pv\ParaView\VTK\Common\Transforms\vtkTransformCollection.h">
      <Filter>Header Files</Filter>
    </ClInclude>
    <ClInclude Include="D:\pv\ParaView\VTK\Common\Transforms\vtkWarpTransform.h">
      <Filter>Header Files</Filter>
    </ClInclude>
    <ClInclude Include="D:\pv\rebuild\VTK\Common\Transforms\vtkCommonTransformsModule.h">
      <Filter>Header Files</Filter>
    </ClInclude>
  </ItemGroup>
  <ItemGroup>
    <CustomBuild Include="D:\pv\ParaView\VTK\Common\Transforms\CMakeLists.txt" />
  </ItemGroup>
  <ItemGroup>
    <Filter Include="Header Files">
      <UniqueIdentifier>{345BF67A-A46B-3569-AD4B-B0F9BB083ED9}</UniqueIdentifier>
    </Filter>
    <Filter Include="Source Files">
      <UniqueIdentifier>{CE016C83-18D7-3CBD-A2E7-E2EB93EA0748}</UniqueIdentifier>
    </Filter>
  </ItemGroup>
</Project>
