<?xml version="1.0" encoding="utf-8"?>
<Project ToolsVersion="16.0" xmlns="http://schemas.microsoft.com/developer/msbuild/2003">
  <ItemGroup>
    <ClCompile Include="D:\pv\ParaView\Plugins\Prism\ServerManager\vtkSMPrismIsSimulationDataDomain.cxx">
      <Filter>Source Files</Filter>
    </ClCompile>
    <ClCompile Include="D:\pv\ParaView\Plugins\Prism\ServerManager\vtkSMPrismTableArraysDomain.cxx">
      <Filter>Source Files</Filter>
    </ClCompile>
    <ClCompile Include="D:\pv\ParaView\Plugins\Prism\ServerManager\vtkSMPrismThresholdRangeDomain.cxx">
      <Filter>Source Files</Filter>
    </ClCompile>
  </ItemGroup>
  <ItemGroup>
    <ClInclude Include="D:\pv\ParaView\Plugins\Prism\ServerManager\vtkSMPrismIsSimulationDataDomain.h">
      <Filter>Header Files</Filter>
    </ClInclude>
    <ClInclude Include="D:\pv\ParaView\Plugins\Prism\ServerManager\vtkSMPrismTableArraysDomain.h">
      <Filter>Header Files</Filter>
    </ClInclude>
    <ClInclude Include="D:\pv\ParaView\Plugins\Prism\ServerManager\vtkSMPrismThresholdRangeDomain.h">
      <Filter>Header Files</Filter>
    </ClInclude>
    <ClInclude Include="D:\pv\rebuild\Plugins\Prism\ServerManager\vtkPrismServerManagerModule.h">
      <Filter>Header Files</Filter>
    </ClInclude>
  </ItemGroup>
  <ItemGroup>
    <CustomBuild Include="D:\pv\ParaView\Plugins\Prism\ServerManager\CMakeLists.txt" />
  </ItemGroup>
  <ItemGroup>
    <Filter Include="Header Files">
      <UniqueIdentifier>{345BF67A-A46B-3569-AD4B-B0F9BB083ED9}</UniqueIdentifier>
    </Filter>
    <Filter Include="Source Files">
      <UniqueIdentifier>{CE016C83-18D7-3CBD-A2E7-E2EB93EA0748}</UniqueIdentifier>
    </Filter>
  </ItemGroup>
</Project>
