<?xml version="1.0" encoding="utf-8"?>
<Project ToolsVersion="16.0" xmlns="http://schemas.microsoft.com/developer/msbuild/2003">
  <ItemGroup>
    <CustomBuild Include="D:\pv\rebuild\CMakeFiles\357db4adbac2ef65df13c47a20663901\LANLX3DReader_server_manager_modules_data.h.rule">
      <Filter>CMake Rules</Filter>
    </CustomBuild>
    <CustomBuild Include="D:\pv\rebuild\CMakeFiles\18ebe1e01bd465bdd01db28bdf0bbc77\LANLX3DReader_server_manager_modules_xml_content.rule">
      <Filter>CMake Rules</Filter>
    </CustomBuild>
    <CustomBuild Include="D:\pv\ParaView\Plugins\LANLX3DReader\CMakeLists.txt" />
  </ItemGroup>
  <ItemGroup>
    <None Include="D:\pv\rebuild\Plugins\LANLX3DReader\CMakeFiles\LANLX3DReader_server_manager_modules_xml_content" />
  </ItemGroup>
  <ItemGroup>
    <Filter Include="CMake Rules">
      <UniqueIdentifier>{FEFA764E-8736-3FD4-9B90-BE7174AE3DEA}</UniqueIdentifier>
    </Filter>
  </ItemGroup>
</Project>
