<?xml version="1.0" encoding="utf-8"?>
<Project ToolsVersion="16.0" xmlns="http://schemas.microsoft.com/developer/msbuild/2003">
  <ItemGroup>
    <ClCompile Include="D:\pv\rebuild\Plugins\EmbossingRepresentations\CMakeFiles\vtkEmbossingRepresentationsCS\vtkBumpMapMapperClientServer.cxx">
      <Filter>Source Files</Filter>
    </ClCompile>
    <ClCompile Include="D:\pv\rebuild\Plugins\EmbossingRepresentations\CMakeFiles\vtkEmbossingRepresentationsCS\vtkBumpMapRepresentationClientServer.cxx">
      <Filter>Source Files</Filter>
    </ClCompile>
    <ClCompile Include="D:\pv\rebuild\Plugins\EmbossingRepresentations\CMakeFiles\vtkEmbossingRepresentationsCS\vtkOpenGLBumpMapMapperDelegatorClientServer.cxx">
      <Filter>Source Files</Filter>
    </ClCompile>
    <ClCompile Include="D:\pv\rebuild\Plugins\EmbossingRepresentations\CMakeFiles\vtkEmbossingRepresentationsCS\vtkOpenGLExtrusionMapperDelegatorClientServer.cxx">
      <Filter>Source Files</Filter>
    </ClCompile>
    <ClCompile Include="D:\pv\rebuild\Plugins\EmbossingRepresentations\CMakeFiles\vtkEmbossingRepresentationsCS\vtkExtrusionMapperClientServer.cxx">
      <Filter>Source Files</Filter>
    </ClCompile>
    <ClCompile Include="D:\pv\rebuild\Plugins\EmbossingRepresentations\CMakeFiles\vtkEmbossingRepresentationsCS\vtkExtrusionRepresentationClientServer.cxx">
      <Filter>Source Files</Filter>
    </ClCompile>
    <ClCompile Include="D:\pv\rebuild\Plugins\EmbossingRepresentations\CMakeFiles\vtkEmbossingRepresentationsCSInit.cxx">
      <Filter>Source Files</Filter>
    </ClCompile>
  </ItemGroup>
  <ItemGroup>
    <CustomBuild Include="D:\pv\rebuild\CMakeFiles\0c02aa8dd8d74bfedeaecd6217b383eb\vtkBumpMapMapperClientServer.cxx.rule">
      <Filter>CMake Rules</Filter>
    </CustomBuild>
    <CustomBuild Include="D:\pv\rebuild\CMakeFiles\0c02aa8dd8d74bfedeaecd6217b383eb\vtkBumpMapRepresentationClientServer.cxx.rule">
      <Filter>CMake Rules</Filter>
    </CustomBuild>
    <CustomBuild Include="D:\pv\rebuild\CMakeFiles\0c02aa8dd8d74bfedeaecd6217b383eb\vtkOpenGLBumpMapMapperDelegatorClientServer.cxx.rule">
      <Filter>CMake Rules</Filter>
    </CustomBuild>
    <CustomBuild Include="D:\pv\rebuild\CMakeFiles\0c02aa8dd8d74bfedeaecd6217b383eb\vtkOpenGLExtrusionMapperDelegatorClientServer.cxx.rule">
      <Filter>CMake Rules</Filter>
    </CustomBuild>
    <CustomBuild Include="D:\pv\rebuild\CMakeFiles\0c02aa8dd8d74bfedeaecd6217b383eb\vtkExtrusionMapperClientServer.cxx.rule">
      <Filter>CMake Rules</Filter>
    </CustomBuild>
    <CustomBuild Include="D:\pv\rebuild\CMakeFiles\0c02aa8dd8d74bfedeaecd6217b383eb\vtkExtrusionRepresentationClientServer.cxx.rule">
      <Filter>CMake Rules</Filter>
    </CustomBuild>
    <CustomBuild Include="D:\pv\ParaView\Plugins\EmbossingRepresentations\CMakeLists.txt" />
  </ItemGroup>
  <ItemGroup>
    <Filter Include="CMake Rules">
      <UniqueIdentifier>{FEFA764E-8736-3FD4-9B90-BE7174AE3DEA}</UniqueIdentifier>
    </Filter>
    <Filter Include="Source Files">
      <UniqueIdentifier>{CE016C83-18D7-3CBD-A2E7-E2EB93EA0748}</UniqueIdentifier>
    </Filter>
  </ItemGroup>
</Project>
