<?xml version="1.0" encoding="utf-8"?>
<Project ToolsVersion="16.0" xmlns="http://schemas.microsoft.com/developer/msbuild/2003">
  <ItemGroup>
    <ClCompile Include="D:\pv\ParaView\Remoting\Export\vtkPVGL2PSExporter.cxx">
      <Filter>Source Files</Filter>
    </ClCompile>
    <ClCompile Include="D:\pv\ParaView\Remoting\Export\vtkPVWebExporter.cxx">
      <Filter>Source Files</Filter>
    </ClCompile>
    <ClCompile Include="D:\pv\ParaView\Remoting\Export\vtkPVX3DExporter.cxx">
      <Filter>Source Files</Filter>
    </ClCompile>
    <ClCompile Include="D:\pv\ParaView\Remoting\Export\vtkSMCSVExporterProxy.cxx">
      <Filter>Source Files</Filter>
    </ClCompile>
    <ClCompile Include="D:\pv\ParaView\Remoting\Export\vtkSMCSVProxiesInitializationHelper.cxx">
      <Filter>Source Files</Filter>
    </ClCompile>
    <ClCompile Include="D:\pv\ParaView\Remoting\Export\vtkSMExporterProxy.cxx">
      <Filter>Source Files</Filter>
    </ClCompile>
    <ClCompile Include="D:\pv\ParaView\Remoting\Export\vtkSMGL2PSExporterProxy.cxx">
      <Filter>Source Files</Filter>
    </ClCompile>
    <ClCompile Include="D:\pv\ParaView\Remoting\Export\vtkSMRenderViewExporterProxy.cxx">
      <Filter>Source Files</Filter>
    </ClCompile>
    <ClCompile Include="D:\pv\ParaView\Remoting\Export\vtkSMViewExportHelper.cxx">
      <Filter>Source Files</Filter>
    </ClCompile>
  </ItemGroup>
  <ItemGroup>
    <ClInclude Include="D:\pv\ParaView\Remoting\Export\vtkPVGL2PSExporter.h">
      <Filter>Header Files</Filter>
    </ClInclude>
    <ClInclude Include="D:\pv\ParaView\Remoting\Export\vtkPVWebExporter.h">
      <Filter>Header Files</Filter>
    </ClInclude>
    <ClInclude Include="D:\pv\ParaView\Remoting\Export\vtkPVX3DExporter.h">
      <Filter>Header Files</Filter>
    </ClInclude>
    <ClInclude Include="D:\pv\ParaView\Remoting\Export\vtkSMCSVExporterProxy.h">
      <Filter>Header Files</Filter>
    </ClInclude>
    <ClInclude Include="D:\pv\ParaView\Remoting\Export\vtkSMCSVProxiesInitializationHelper.h">
      <Filter>Header Files</Filter>
    </ClInclude>
    <ClInclude Include="D:\pv\ParaView\Remoting\Export\vtkSMExporterProxy.h">
      <Filter>Header Files</Filter>
    </ClInclude>
    <ClInclude Include="D:\pv\ParaView\Remoting\Export\vtkSMGL2PSExporterProxy.h">
      <Filter>Header Files</Filter>
    </ClInclude>
    <ClInclude Include="D:\pv\ParaView\Remoting\Export\vtkSMRenderViewExporterProxy.h">
      <Filter>Header Files</Filter>
    </ClInclude>
    <ClInclude Include="D:\pv\ParaView\Remoting\Export\vtkSMViewExportHelper.h">
      <Filter>Header Files</Filter>
    </ClInclude>
    <ClInclude Include="D:\pv\rebuild\Remoting\Export\vtkRemotingExportModule.h">
      <Filter>Header Files</Filter>
    </ClInclude>
  </ItemGroup>
  <ItemGroup>
    <CustomBuild Include="D:\pv\ParaView\Remoting\Export\CMakeLists.txt" />
  </ItemGroup>
  <ItemGroup>
    <Filter Include="Header Files">
      <UniqueIdentifier>{345BF67A-A46B-3569-AD4B-B0F9BB083ED9}</UniqueIdentifier>
    </Filter>
    <Filter Include="Source Files">
      <UniqueIdentifier>{CE016C83-18D7-3CBD-A2E7-E2EB93EA0748}</UniqueIdentifier>
    </Filter>
  </ItemGroup>
</Project>
