<?xml version="1.0" encoding="utf-8"?>
<Project ToolsVersion="16.0" xmlns="http://schemas.microsoft.com/developer/msbuild/2003">
  <ItemGroup>
    <CustomBuild Include="D:\pv\rebuild\CMakeFiles\b306e77a2c66cc0c411bfb8b9d58ddb3\vtkDSPFiltersPlugin-hierarchy.txt.rule">
      <Filter>CMake Rules</Filter>
    </CustomBuild>
    <CustomBuild Include="D:\pv\rebuild\CMakeFiles\a3f01e3e53d00c63b42611176e719b74\vtkDSPFiltersPlugin-hierarchy.rule">
      <Filter>CMake Rules</Filter>
    </CustomBuild>
    <CustomBuild Include="D:\pv\ParaView\Plugins\DSP\Filters\CMakeLists.txt" />
  </ItemGroup>
  <ItemGroup>
    <None Include="D:\pv\rebuild\Plugins\DSP\Filters\CMakeFiles\vtkDSPFiltersPlugin-hierarchy" />
  </ItemGroup>
  <ItemGroup>
    <Filter Include="CMake Rules">
      <UniqueIdentifier>{FEFA764E-8736-3FD4-9B90-BE7174AE3DEA}</UniqueIdentifier>
    </Filter>
  </ItemGroup>
</Project>
