<?xml version="1.0" encoding="utf-8"?>
<Project ToolsVersion="16.0" xmlns="http://schemas.microsoft.com/developer/msbuild/2003">
  <ItemGroup>
    <ClCompile Include="D:\pv\ParaView\VTK\Accelerators\Vtkm\DataModel\vtkmlib\ArrayConvertersReal.cxx">
      <Filter>Source Files</Filter>
    </ClCompile>
    <ClCompile Include="D:\pv\ParaView\VTK\Accelerators\Vtkm\DataModel\vtkmlib\ArrayConvertersSigned.cxx">
      <Filter>Source Files</Filter>
    </ClCompile>
    <ClCompile Include="D:\pv\ParaView\VTK\Accelerators\Vtkm\DataModel\vtkmlib\ArrayConvertersUnsigned.cxx">
      <Filter>Source Files</Filter>
    </ClCompile>
    <ClCompile Include="D:\pv\ParaView\VTK\Accelerators\Vtkm\DataModel\vtkmDataSet.cxx">
      <Filter>Source Files</Filter>
    </ClCompile>
    <ClCompile Include="D:\pv\ParaView\VTK\Accelerators\Vtkm\DataModel\vtkmlib\ArrayConverters.cxx">
      <Filter>Source Files</Filter>
    </ClCompile>
    <ClCompile Include="D:\pv\ParaView\VTK\Accelerators\Vtkm\DataModel\vtkmlib\CellSetConverters.cxx">
      <Filter>Source Files</Filter>
    </ClCompile>
    <ClCompile Include="D:\pv\ParaView\VTK\Accelerators\Vtkm\DataModel\vtkmlib\DataSetConverters.cxx">
      <Filter>Source Files</Filter>
    </ClCompile>
    <ClCompile Include="D:\pv\ParaView\VTK\Accelerators\Vtkm\DataModel\vtkmlib\ImageDataConverter.cxx">
      <Filter>Source Files</Filter>
    </ClCompile>
    <ClCompile Include="D:\pv\ParaView\VTK\Accelerators\Vtkm\DataModel\vtkmlib\ImplicitFunctionConverter.cxx">
      <Filter>Source Files</Filter>
    </ClCompile>
    <ClCompile Include="D:\pv\ParaView\VTK\Accelerators\Vtkm\DataModel\vtkmlib\PolyDataConverter.cxx">
      <Filter>Source Files</Filter>
    </ClCompile>
    <ClCompile Include="D:\pv\ParaView\VTK\Accelerators\Vtkm\DataModel\vtkmlib\UnstructuredGridConverter.cxx">
      <Filter>Source Files</Filter>
    </ClCompile>
  </ItemGroup>
  <ItemGroup>
    <ClInclude Include="D:\pv\ParaView\VTK\Accelerators\Vtkm\DataModel\vtkmlib\ArrayConverters.hxx">
      <Filter>Header Files</Filter>
    </ClInclude>
    <ClInclude Include="D:\pv\rebuild\VTK\Accelerators\Vtkm\DataModel\vtkmConfigDataModel.h">
      <Filter>Header Files</Filter>
    </ClInclude>
    <ClInclude Include="D:\pv\ParaView\VTK\Accelerators\Vtkm\DataModel\vtkmDataSet.h">
      <Filter>Header Files</Filter>
    </ClInclude>
    <ClInclude Include="D:\pv\ParaView\VTK\Accelerators\Vtkm\DataModel\vtkmlib\ArrayConverters.h">
      <Filter>Header Files</Filter>
    </ClInclude>
    <ClInclude Include="D:\pv\ParaView\VTK\Accelerators\Vtkm\DataModel\vtkmlib\CellSetConverters.h">
      <Filter>Header Files</Filter>
    </ClInclude>
    <ClInclude Include="D:\pv\ParaView\VTK\Accelerators\Vtkm\DataModel\vtkmlib\DataSetConverters.h">
      <Filter>Header Files</Filter>
    </ClInclude>
    <ClInclude Include="D:\pv\ParaView\VTK\Accelerators\Vtkm\DataModel\vtkmlib\ImageDataConverter.h">
      <Filter>Header Files</Filter>
    </ClInclude>
    <ClInclude Include="D:\pv\ParaView\VTK\Accelerators\Vtkm\DataModel\vtkmlib\ImplicitFunctionConverter.h">
      <Filter>Header Files</Filter>
    </ClInclude>
    <ClInclude Include="D:\pv\ParaView\VTK\Accelerators\Vtkm\DataModel\vtkmlib\PolyDataConverter.h">
      <Filter>Header Files</Filter>
    </ClInclude>
    <ClInclude Include="D:\pv\ParaView\VTK\Accelerators\Vtkm\DataModel\vtkmlib\UnstructuredGridConverter.h">
      <Filter>Header Files</Filter>
    </ClInclude>
    <ClInclude Include="D:\pv\rebuild\VTK\Accelerators\Vtkm\DataModel\vtkAcceleratorsVTKmDataModelModule.h">
      <Filter>Header Files</Filter>
    </ClInclude>
  </ItemGroup>
  <ItemGroup>
    <CustomBuild Include="D:\pv\ParaView\VTK\Accelerators\Vtkm\DataModel\CMakeLists.txt" />
  </ItemGroup>
  <ItemGroup>
    <Filter Include="Header Files">
      <UniqueIdentifier>{345BF67A-A46B-3569-AD4B-B0F9BB083ED9}</UniqueIdentifier>
    </Filter>
    <Filter Include="Source Files">
      <UniqueIdentifier>{CE016C83-18D7-3CBD-A2E7-E2EB93EA0748}</UniqueIdentifier>
    </Filter>
  </ItemGroup>
</Project>
