<?xml version="1.0" encoding="utf-8"?>
<Project ToolsVersion="16.0" xmlns="http://schemas.microsoft.com/developer/msbuild/2003">
  <ItemGroup>
    <ClCompile Include="D:\pv\ParaView\VTKExtensions\FiltersGeneral\vtkAnnotateGlobalDataFilter.cxx">
      <Filter>Source Files</Filter>
    </ClCompile>
    <ClCompile Include="D:\pv\ParaView\VTKExtensions\FiltersGeneral\vtkAnnotateSelectionFilter.cxx">
      <Filter>Source Files</Filter>
    </ClCompile>
    <ClCompile Include="D:\pv\ParaView\VTKExtensions\FiltersGeneral\vtkAxisAlignedCutter.cxx">
      <Filter>Source Files</Filter>
    </ClCompile>
    <ClCompile Include="D:\pv\ParaView\VTKExtensions\FiltersGeneral\vtkCellIntegrator.cxx">
      <Filter>Source Files</Filter>
    </ClCompile>
    <ClCompile Include="D:\pv\ParaView\VTKExtensions\FiltersGeneral\vtkConvertPolyhedraFilter.cxx">
      <Filter>Source Files</Filter>
    </ClCompile>
    <ClCompile Include="D:\pv\ParaView\VTKExtensions\FiltersGeneral\vtkEquivalenceSet.cxx">
      <Filter>Source Files</Filter>
    </ClCompile>
    <ClCompile Include="D:\pv\ParaView\VTKExtensions\FiltersGeneral\vtkExtractScatterPlot.cxx">
      <Filter>Source Files</Filter>
    </ClCompile>
    <ClCompile Include="D:\pv\ParaView\VTKExtensions\FiltersGeneral\vtkFlashContour.cxx">
      <Filter>Source Files</Filter>
    </ClCompile>
    <ClCompile Include="D:\pv\ParaView\VTKExtensions\FiltersGeneral\vtkHierarchicalFractal.cxx">
      <Filter>Source Files</Filter>
    </ClCompile>
    <ClCompile Include="D:\pv\ParaView\VTKExtensions\FiltersGeneral\vtkHybridProbeFilter.cxx">
      <Filter>Source Files</Filter>
    </ClCompile>
    <ClCompile Include="D:\pv\ParaView\VTKExtensions\FiltersGeneral\vtkImageSimpleSource.cxx">
      <Filter>Source Files</Filter>
    </ClCompile>
    <ClCompile Include="D:\pv\ParaView\VTKExtensions\FiltersGeneral\vtkIntegrateFlowThroughSurface.cxx">
      <Filter>Source Files</Filter>
    </ClCompile>
    <ClCompile Include="D:\pv\ParaView\VTKExtensions\FiltersGeneral\vtkIsoVolume.cxx">
      <Filter>Source Files</Filter>
    </ClCompile>
    <ClCompile Include="D:\pv\ParaView\VTKExtensions\FiltersGeneral\vtkOMETIFFChannelCalculator.cxx">
      <Filter>Source Files</Filter>
    </ClCompile>
    <ClCompile Include="D:\pv\ParaView\VTKExtensions\FiltersGeneral\vtkPEquivalenceSet.cxx">
      <Filter>Source Files</Filter>
    </ClCompile>
    <ClCompile Include="D:\pv\ParaView\VTKExtensions\FiltersGeneral\vtkPlotEdges.cxx">
      <Filter>Source Files</Filter>
    </ClCompile>
    <ClCompile Include="D:\pv\ParaView\VTKExtensions\FiltersGeneral\vtkPVArrayCalculator.cxx">
      <Filter>Source Files</Filter>
    </ClCompile>
    <ClCompile Include="D:\pv\ParaView\VTKExtensions\FiltersGeneral\vtkPVClipClosedSurface.cxx">
      <Filter>Source Files</Filter>
    </ClCompile>
    <ClCompile Include="D:\pv\ParaView\VTKExtensions\FiltersGeneral\vtkPVClipDataSet.cxx">
      <Filter>Source Files</Filter>
    </ClCompile>
    <ClCompile Include="D:\pv\ParaView\VTKExtensions\FiltersGeneral\vtkPVConnectivityFilter.cxx">
      <Filter>Source Files</Filter>
    </ClCompile>
    <ClCompile Include="D:\pv\ParaView\VTKExtensions\FiltersGeneral\vtkPVContourFilter.cxx">
      <Filter>Source Files</Filter>
    </ClCompile>
    <ClCompile Include="D:\pv\ParaView\VTKExtensions\FiltersGeneral\vtkPVCutter.cxx">
      <Filter>Source Files</Filter>
    </ClCompile>
    <ClCompile Include="D:\pv\ParaView\VTKExtensions\FiltersGeneral\vtkPVDataSetAlgorithmSelectorFilter.cxx">
      <Filter>Source Files</Filter>
    </ClCompile>
    <ClCompile Include="D:\pv\ParaView\VTKExtensions\FiltersGeneral\vtkPVExtractComponent.cxx">
      <Filter>Source Files</Filter>
    </ClCompile>
    <ClCompile Include="D:\pv\ParaView\VTKExtensions\FiltersGeneral\vtkPVExtractGhostCells.cxx">
      <Filter>Source Files</Filter>
    </ClCompile>
    <ClCompile Include="D:\pv\ParaView\VTKExtensions\FiltersGeneral\vtkPVExtractVOI.cxx">
      <Filter>Source Files</Filter>
    </ClCompile>
    <ClCompile Include="D:\pv\ParaView\VTKExtensions\FiltersGeneral\vtkPVGlyphFilter.cxx">
      <Filter>Source Files</Filter>
    </ClCompile>
    <ClCompile Include="D:\pv\ParaView\VTKExtensions\FiltersGeneral\vtkPVGradientFilter.cxx">
      <Filter>Source Files</Filter>
    </ClCompile>
    <ClCompile Include="D:\pv\ParaView\VTKExtensions\FiltersGeneral\vtkPVLinearExtrusionFilter.cxx">
      <Filter>Source Files</Filter>
    </ClCompile>
    <ClCompile Include="D:\pv\ParaView\VTKExtensions\FiltersGeneral\vtkPVMetaClipDataSet.cxx">
      <Filter>Source Files</Filter>
    </ClCompile>
    <ClCompile Include="D:\pv\ParaView\VTKExtensions\FiltersGeneral\vtkPVMetaSliceDataSet.cxx">
      <Filter>Source Files</Filter>
    </ClCompile>
    <ClCompile Include="D:\pv\ParaView\VTKExtensions\FiltersGeneral\vtkPVPlaneCutter.cxx">
      <Filter>Source Files</Filter>
    </ClCompile>
    <ClCompile Include="D:\pv\ParaView\VTKExtensions\FiltersGeneral\vtkPVTextSource.cxx">
      <Filter>Source Files</Filter>
    </ClCompile>
    <ClCompile Include="D:\pv\ParaView\VTKExtensions\FiltersGeneral\vtkPVThreshold.cxx">
      <Filter>Source Files</Filter>
    </ClCompile>
    <ClCompile Include="D:\pv\ParaView\VTKExtensions\FiltersGeneral\vtkPVTransposeTable.cxx">
      <Filter>Source Files</Filter>
    </ClCompile>
    <ClCompile Include="D:\pv\ParaView\VTKExtensions\FiltersGeneral\vtkRectilinearGridConnectivity.cxx">
      <Filter>Source Files</Filter>
    </ClCompile>
    <ClCompile Include="D:\pv\ParaView\VTKExtensions\FiltersGeneral\vtkRulerLineForInput.cxx">
      <Filter>Source Files</Filter>
    </ClCompile>
    <ClCompile Include="D:\pv\ParaView\VTKExtensions\FiltersGeneral\vtkSliceAlongPolyPlane.cxx">
      <Filter>Source Files</Filter>
    </ClCompile>
    <ClCompile Include="D:\pv\ParaView\VTKExtensions\FiltersGeneral\vtkSurfaceVectors.cxx">
      <Filter>Source Files</Filter>
    </ClCompile>
    <ClCompile Include="D:\pv\ParaView\VTKExtensions\FiltersGeneral\vtkTimeStepProgressFilter.cxx">
      <Filter>Source Files</Filter>
    </ClCompile>
    <ClCompile Include="D:\pv\ParaView\VTKExtensions\FiltersGeneral\vtkTimeToTextConvertor.cxx">
      <Filter>Source Files</Filter>
    </ClCompile>
  </ItemGroup>
  <ItemGroup>
    <ClInclude Include="D:\pv\ParaView\VTKExtensions\FiltersGeneral\vtkAnnotateGlobalDataFilter.h">
      <Filter>Header Files</Filter>
    </ClInclude>
    <ClInclude Include="D:\pv\ParaView\VTKExtensions\FiltersGeneral\vtkAnnotateSelectionFilter.h">
      <Filter>Header Files</Filter>
    </ClInclude>
    <ClInclude Include="D:\pv\ParaView\VTKExtensions\FiltersGeneral\vtkAxisAlignedCutter.h">
      <Filter>Header Files</Filter>
    </ClInclude>
    <ClInclude Include="D:\pv\ParaView\VTKExtensions\FiltersGeneral\vtkCellIntegrator.h">
      <Filter>Header Files</Filter>
    </ClInclude>
    <ClInclude Include="D:\pv\ParaView\VTKExtensions\FiltersGeneral\vtkConvertPolyhedraFilter.h">
      <Filter>Header Files</Filter>
    </ClInclude>
    <ClInclude Include="D:\pv\ParaView\VTKExtensions\FiltersGeneral\vtkEquivalenceSet.h">
      <Filter>Header Files</Filter>
    </ClInclude>
    <ClInclude Include="D:\pv\ParaView\VTKExtensions\FiltersGeneral\vtkExtractScatterPlot.h">
      <Filter>Header Files</Filter>
    </ClInclude>
    <ClInclude Include="D:\pv\ParaView\VTKExtensions\FiltersGeneral\vtkFlashContour.h">
      <Filter>Header Files</Filter>
    </ClInclude>
    <ClInclude Include="D:\pv\ParaView\VTKExtensions\FiltersGeneral\vtkHierarchicalFractal.h">
      <Filter>Header Files</Filter>
    </ClInclude>
    <ClInclude Include="D:\pv\ParaView\VTKExtensions\FiltersGeneral\vtkHybridProbeFilter.h">
      <Filter>Header Files</Filter>
    </ClInclude>
    <ClInclude Include="D:\pv\ParaView\VTKExtensions\FiltersGeneral\vtkImageSimpleSource.h">
      <Filter>Header Files</Filter>
    </ClInclude>
    <ClInclude Include="D:\pv\ParaView\VTKExtensions\FiltersGeneral\vtkIntegrateFlowThroughSurface.h">
      <Filter>Header Files</Filter>
    </ClInclude>
    <ClInclude Include="D:\pv\ParaView\VTKExtensions\FiltersGeneral\vtkIsoVolume.h">
      <Filter>Header Files</Filter>
    </ClInclude>
    <ClInclude Include="D:\pv\ParaView\VTKExtensions\FiltersGeneral\vtkOMETIFFChannelCalculator.h">
      <Filter>Header Files</Filter>
    </ClInclude>
    <ClInclude Include="D:\pv\ParaView\VTKExtensions\FiltersGeneral\vtkPEquivalenceSet.h">
      <Filter>Header Files</Filter>
    </ClInclude>
    <ClInclude Include="D:\pv\ParaView\VTKExtensions\FiltersGeneral\vtkPlotEdges.h">
      <Filter>Header Files</Filter>
    </ClInclude>
    <ClInclude Include="D:\pv\ParaView\VTKExtensions\FiltersGeneral\vtkPVArrayCalculator.h">
      <Filter>Header Files</Filter>
    </ClInclude>
    <ClInclude Include="D:\pv\ParaView\VTKExtensions\FiltersGeneral\vtkPVClipClosedSurface.h">
      <Filter>Header Files</Filter>
    </ClInclude>
    <ClInclude Include="D:\pv\ParaView\VTKExtensions\FiltersGeneral\vtkPVClipDataSet.h">
      <Filter>Header Files</Filter>
    </ClInclude>
    <ClInclude Include="D:\pv\ParaView\VTKExtensions\FiltersGeneral\vtkPVConnectivityFilter.h">
      <Filter>Header Files</Filter>
    </ClInclude>
    <ClInclude Include="D:\pv\ParaView\VTKExtensions\FiltersGeneral\vtkPVContourFilter.h">
      <Filter>Header Files</Filter>
    </ClInclude>
    <ClInclude Include="D:\pv\ParaView\VTKExtensions\FiltersGeneral\vtkPVCutter.h">
      <Filter>Header Files</Filter>
    </ClInclude>
    <ClInclude Include="D:\pv\ParaView\VTKExtensions\FiltersGeneral\vtkPVDataSetAlgorithmSelectorFilter.h">
      <Filter>Header Files</Filter>
    </ClInclude>
    <ClInclude Include="D:\pv\ParaView\VTKExtensions\FiltersGeneral\vtkPVExtractComponent.h">
      <Filter>Header Files</Filter>
    </ClInclude>
    <ClInclude Include="D:\pv\ParaView\VTKExtensions\FiltersGeneral\vtkPVExtractGhostCells.h">
      <Filter>Header Files</Filter>
    </ClInclude>
    <ClInclude Include="D:\pv\ParaView\VTKExtensions\FiltersGeneral\vtkPVExtractVOI.h">
      <Filter>Header Files</Filter>
    </ClInclude>
    <ClInclude Include="D:\pv\ParaView\VTKExtensions\FiltersGeneral\vtkPVGlyphFilter.h">
      <Filter>Header Files</Filter>
    </ClInclude>
    <ClInclude Include="D:\pv\ParaView\VTKExtensions\FiltersGeneral\vtkPVGradientFilter.h">
      <Filter>Header Files</Filter>
    </ClInclude>
    <ClInclude Include="D:\pv\ParaView\VTKExtensions\FiltersGeneral\vtkPVLinearExtrusionFilter.h">
      <Filter>Header Files</Filter>
    </ClInclude>
    <ClInclude Include="D:\pv\ParaView\VTKExtensions\FiltersGeneral\vtkPVMetaClipDataSet.h">
      <Filter>Header Files</Filter>
    </ClInclude>
    <ClInclude Include="D:\pv\ParaView\VTKExtensions\FiltersGeneral\vtkPVMetaSliceDataSet.h">
      <Filter>Header Files</Filter>
    </ClInclude>
    <ClInclude Include="D:\pv\ParaView\VTKExtensions\FiltersGeneral\vtkPVPlaneCutter.h">
      <Filter>Header Files</Filter>
    </ClInclude>
    <ClInclude Include="D:\pv\ParaView\VTKExtensions\FiltersGeneral\vtkPVTextSource.h">
      <Filter>Header Files</Filter>
    </ClInclude>
    <ClInclude Include="D:\pv\ParaView\VTKExtensions\FiltersGeneral\vtkPVThreshold.h">
      <Filter>Header Files</Filter>
    </ClInclude>
    <ClInclude Include="D:\pv\ParaView\VTKExtensions\FiltersGeneral\vtkPVTransposeTable.h">
      <Filter>Header Files</Filter>
    </ClInclude>
    <ClInclude Include="D:\pv\ParaView\VTKExtensions\FiltersGeneral\vtkRectilinearGridConnectivity.h">
      <Filter>Header Files</Filter>
    </ClInclude>
    <ClInclude Include="D:\pv\ParaView\VTKExtensions\FiltersGeneral\vtkRulerLineForInput.h">
      <Filter>Header Files</Filter>
    </ClInclude>
    <ClInclude Include="D:\pv\ParaView\VTKExtensions\FiltersGeneral\vtkSliceAlongPolyPlane.h">
      <Filter>Header Files</Filter>
    </ClInclude>
    <ClInclude Include="D:\pv\ParaView\VTKExtensions\FiltersGeneral\vtkSurfaceVectors.h">
      <Filter>Header Files</Filter>
    </ClInclude>
    <ClInclude Include="D:\pv\ParaView\VTKExtensions\FiltersGeneral\vtkTimeStepProgressFilter.h">
      <Filter>Header Files</Filter>
    </ClInclude>
    <ClInclude Include="D:\pv\ParaView\VTKExtensions\FiltersGeneral\vtkTimeToTextConvertor.h">
      <Filter>Header Files</Filter>
    </ClInclude>
    <ClInclude Include="D:\pv\rebuild\VTKExtensions\FiltersGeneral\vtkPVVTKExtensionsFiltersGeneralModule.h">
      <Filter>Header Files</Filter>
    </ClInclude>
  </ItemGroup>
  <ItemGroup>
    <CustomBuild Include="D:\pv\ParaView\VTKExtensions\FiltersGeneral\CMakeLists.txt" />
  </ItemGroup>
  <ItemGroup>
    <Filter Include="Header Files">
      <UniqueIdentifier>{345BF67A-A46B-3569-AD4B-B0F9BB083ED9}</UniqueIdentifier>
    </Filter>
    <Filter Include="Source Files">
      <UniqueIdentifier>{CE016C83-18D7-3CBD-A2E7-E2EB93EA0748}</UniqueIdentifier>
    </Filter>
  </ItemGroup>
</Project>
