<?xml version="1.0" encoding="utf-8"?>
<Project ToolsVersion="16.0" xmlns="http://schemas.microsoft.com/developer/msbuild/2003">
  <ItemGroup>
    <CustomBuild Include="D:\pv\rebuild\CMakeFiles\41099a94c970e203ff6e6e624e371e24\GeodesicMeasurement_doc.xslt.rule">
      <Filter>CMake Rules</Filter>
    </CustomBuild>
    <CustomBuild Include="D:\pv\rebuild\CMakeFiles\53d4bb75c1d98262e35cabe6a44ff56b\GeodesicMeasurement_doc.rule">
      <Filter>CMake Rules</Filter>
    </CustomBuild>
    <CustomBuild Include="D:\pv\ParaView\Plugins\GeodesicMeasurement\CMakeLists.txt" />
  </ItemGroup>
  <ItemGroup>
    <None Include="D:\pv\rebuild\Plugins\GeodesicMeasurement\CMakeFiles\GeodesicMeasurement_doc" />
  </ItemGroup>
  <ItemGroup>
    <Filter Include="CMake Rules">
      <UniqueIdentifier>{FEFA764E-8736-3FD4-9B90-BE7174AE3DEA}</UniqueIdentifier>
    </Filter>
  </ItemGroup>
</Project>
